// !$*UTF8*$!
{
	archiveVersion = 1;
	classes = {
	};
	objectVersion = 56;
	objects = {

/* Begin PBXBuildFile section */
		A10000010000000000000001 /* main.swift in Sources */ = {isa = PBXBuildFile; fileRef = A20000010000000000000001 /* main.swift */; };
		A10000010000000000000002 /* AppDelegate.swift in Sources */ = {isa = PBXBuildFile; fileRef = A20000010000000000000002 /* AppDelegate.swift */; };
		A10000010000000000000003 /* OpenGramApp.swift in Sources */ = {isa = PBXBuildFile; fileRef = A20000010000000000000003 /* OpenGramApp.swift */; };
		A10000010000000000000004 /* StatusBarController.swift in Sources */ = {isa = PBXBuildFile; fileRef = A20000010000000000000004 /* StatusBarController.swift */; };
		A10000010000000000000005 /* HotkeyManagerProtocol.swift in Sources */ = {isa = PBXBuildFile; fileRef = A20000010000000000000005 /* HotkeyManagerProtocol.swift */; };
		A10000010000000000000006 /* AXTextEngineProtocol.swift in Sources */ = {isa = PBXBuildFile; fileRef = A20000010000000000000006 /* AXTextEngineProtocol.swift */; };
		A10000010000000000000007 /* TextContext.swift in Sources */ = {isa = PBXBuildFile; fileRef = A20000010000000000000007 /* TextContext.swift */; };
		A10000010000000000000008 /* EventTapBridge.swift in Sources */ = {isa = PBXBuildFile; fileRef = A20000010000000000000008 /* EventTapBridge.swift */; };
		A10000010000000000000009 /* HotkeyManager.swift in Sources */ = {isa = PBXBuildFile; fileRef = A20000010000000000000010 /* HotkeyManager.swift */; };
		B10000010000000000000001 /* HotkeyManagerTests.swift in Sources */ = {isa = PBXBuildFile; fileRef = B20000010000000000000001 /* HotkeyManagerTests.swift */; };
/* End PBXBuildFile section */

/* Begin PBXFileReference section */
		A20000010000000000000001 /* main.swift */ = {isa = PBXFileReference; lastKnownFileType = sourcecode.swift; path = main.swift; sourceTree = "<group>"; };
		A20000010000000000000002 /* AppDelegate.swift */ = {isa = PBXFileReference; lastKnownFileType = sourcecode.swift; path = AppDelegate.swift; sourceTree = "<group>"; };
		A20000010000000000000003 /* OpenGramApp.swift */ = {isa = PBXFileReference; lastKnownFileType = sourcecode.swift; path = OpenGramApp.swift; sourceTree = "<group>"; };
		A20000010000000000000004 /* StatusBarController.swift */ = {isa = PBXFileReference; lastKnownFileType = sourcecode.swift; path = StatusBarController.swift; sourceTree = "<group>"; };
		A20000010000000000000005 /* HotkeyManagerProtocol.swift */ = {isa = PBXFileReference; lastKnownFileType = sourcecode.swift; path = HotkeyManagerProtocol.swift; sourceTree = "<group>"; };
		A20000010000000000000006 /* AXTextEngineProtocol.swift */ = {isa = PBXFileReference; lastKnownFileType = sourcecode.swift; path = AXTextEngineProtocol.swift; sourceTree = "<group>"; };
		A20000010000000000000007 /* TextContext.swift */ = {isa = PBXFileReference; lastKnownFileType = sourcecode.swift; path = TextContext.swift; sourceTree = "<group>"; };
		A20000010000000000000008 /* EventTapBridge.swift */ = {isa = PBXFileReference; lastKnownFileType = sourcecode.swift; path = EventTapBridge.swift; sourceTree = "<group>"; };
		A20000010000000000000009 /* OpenGram.entitlements */ = {isa = PBXFileReference; lastKnownFileType = text.plist.entitlements; path = OpenGram.entitlements; sourceTree = "<group>"; };
		A2000001000000000000000A /* OpenGram.app */ = {isa = PBXFileReference; explicitFileType = wrapper.application; includeInIndex = 0; path = OpenGram.app; sourceTree = BUILT_PRODUCTS_DIR; };
		A20000010000000000000010 /* HotkeyManager.swift */ = {isa = PBXFileReference; lastKnownFileType = sourcecode.swift; path = HotkeyManager.swift; sourceTree = "<group>"; };
		B20000010000000000000001 /* HotkeyManagerTests.swift */ = {isa = PBXFileReference; lastKnownFileType = sourcecode.swift; path = HotkeyManagerTests.swift; sourceTree = "<group>"; };
		B2000001000000000000000A /* OpenGramTests.xctest */ = {isa = PBXFileReference; explicitFileType = wrapper.cfbundle; includeInIndex = 0; path = OpenGramTests.xctest; sourceTree = BUILT_PRODUCTS_DIR; };
/* End PBXFileReference section */

/* Begin PBXContainerItemProxy section */
		B30000010000000000000001 /* PBXContainerItemProxy */ = {
			isa = PBXContainerItemProxy;
			containerPortal = A80000010000000000000001 /* Project object */;
			proxyType = 1;
			remoteGlobalIDString = A50000010000000000000001;
			remoteInfo = OpenGram;
		};
/* End PBXContainerItemProxy section */

/* Begin PBXFrameworksBuildPhase section */
		A30000010000000000000001 /* Frameworks */ = {
			isa = PBXFrameworksBuildPhase;
			buildActionMask = 2147483647;
			files = (
			);
			runOnlyForDeploymentPostprocessing = 0;
		};
		B30000010000000000000002 /* Frameworks */ = {
			isa = PBXFrameworksBuildPhase;
			buildActionMask = 2147483647;
			files = (
			);
			runOnlyForDeploymentPostprocessing = 0;
		};
/* End PBXFrameworksBuildPhase section */

/* Begin PBXGroup section */
		A40000010000000000000001 /* Project Root */ = {
			isa = PBXGroup;
			children = (
				A40000010000000000000002 /* OpenGram */,
				A40000010000000000000008 /* OpenGramTests */,
				A20000010000000000000009 /* OpenGram.entitlements */,
				A40000010000000000000009 /* Products */,
			);
			sourceTree = "<group>";
		};
		A40000010000000000000002 /* OpenGram */ = {
			isa = PBXGroup;
			children = (
				A40000010000000000000003 /* App */,
				A40000010000000000000004 /* Shell */,
				A40000010000000000000005 /* Hotkey */,
				A40000010000000000000006 /* TextEngine */,
				A40000010000000000000007 /* Permissions */,
			);
			path = OpenGram;
			sourceTree = "<group>";
		};
		A40000010000000000000003 /* App */ = {
			isa = PBXGroup;
			children = (
				A20000010000000000000001 /* main.swift */,
				A20000010000000000000002 /* AppDelegate.swift */,
				A20000010000000000000003 /* OpenGramApp.swift */,
			);
			path = App;
			sourceTree = "<group>";
		};
		A40000010000000000000004 /* Shell */ = {
			isa = PBXGroup;
			children = (
				A20000010000000000000004 /* StatusBarController.swift */,
			);
			path = Shell;
			sourceTree = "<group>";
		};
		A40000010000000000000005 /* Hotkey */ = {
			isa = PBXGroup;
			children = (
				A20000010000000000000005 /* HotkeyManagerProtocol.swift */,
				A20000010000000000000008 /* EventTapBridge.swift */,
				A20000010000000000000010 /* HotkeyManager.swift */,
			);
			path = Hotkey;
			sourceTree = "<group>";
		};
		A40000010000000000000006 /* TextEngine */ = {
			isa = PBXGroup;
			children = (
				A20000010000000000000006 /* AXTextEngineProtocol.swift */,
				A20000010000000000000007 /* TextContext.swift */,
			);
			path = TextEngine;
			sourceTree = "<group>";
		};
		A40000010000000000000007 /* Permissions */ = {
			isa = PBXGroup;
			children = (
			);
			path = Permissions;
			sourceTree = "<group>";
		};
		A40000010000000000000008 /* OpenGramTests */ = {
			isa = PBXGroup;
			children = (
				B20000010000000000000001 /* HotkeyManagerTests.swift */,
			);
			path = OpenGramTests;
			sourceTree = "<group>";
		};
		A40000010000000000000009 /* Products */ = {
			isa = PBXGroup;
			children = (
				A2000001000000000000000A /* OpenGram.app */,
				B2000001000000000000000A /* OpenGramTests.xctest */,
			);
			name = Products;
			sourceTree = "<group>";
		};
/* End PBXGroup section */

/* Begin PBXNativeTarget section */
		A50000010000000000000001 /* OpenGram */ = {
			isa = PBXNativeTarget;
			buildConfigurationList = A70000010000000000000003 /* Build configuration list for PBXNativeTarget "OpenGram" */;
			buildPhases = (
				A60000010000000000000001 /* Sources */,
				A30000010000000000000001 /* Frameworks */,
			);
			buildRules = (
			);
			dependencies = (
			);
			name = OpenGram;
			productName = OpenGram;
			productReference = A2000001000000000000000A /* OpenGram.app */;
			productType = "com.apple.product-type.application";
		};
		B50000010000000000000001 /* OpenGramTests */ = {
			isa = PBXNativeTarget;
			buildConfigurationList = B70000010000000000000001 /* Build configuration list for PBXNativeTarget "OpenGramTests" */;
			buildPhases = (
				B60000010000000000000001 /* Sources */,
				B30000010000000000000002 /* Frameworks */,
			);
			buildRules = (
			);
			dependencies = (
				B40000010000000000000001 /* PBXTargetDependency */,
			);
			name = OpenGramTests;
			productName = OpenGramTests;
			productReference = B2000001000000000000000A /* OpenGramTests.xctest */;
			productType = "com.apple.product-type.bundle.unit-test";
		};
/* End PBXNativeTarget section */

/* Begin PBXTargetDependency section */
		B40000010000000000000001 /* PBXTargetDependency */ = {
			isa = PBXTargetDependency;
			target = A50000010000000000000001 /* OpenGram */;
			targetProxy = B30000010000000000000001 /* PBXContainerItemProxy */;
		};
/* End PBXTargetDependency section */

/* Begin PBXProject section */
		A80000010000000000000001 /* Project object */ = {
			isa = PBXProject;
			attributes = {
				BuildIndependentTargetsInParallel = 1;
				LastSwiftUpdateCheck = 1600;
				LastUpgradeCheck = 1600;
				TargetAttributes = {
					A50000010000000000000001 = {
						CreatedOnToolsVersion = 16.0;
					};
				};
			};
			buildConfigurationList = A70000010000000000000001 /* Build configuration list for PBXProject "OpenGram" */;
			compatibilityVersion = "Xcode 14.0";
			developmentRegion = en;
			hasScannedForEncodings = 0;
			knownRegions = (
				en,
				Base,
			);
			mainGroup = A40000010000000000000001 /* Project Root */;
			productRefGroup = A40000010000000000000009 /* Products */;
			projectDirPath = "";
			projectRoot = "";
			targets = (
				A50000010000000000000001 /* OpenGram */,
				B50000010000000000000001 /* OpenGramTests */,
			);
		};
/* End PBXProject section */

/* Begin PBXSourcesBuildPhase section */
		A60000010000000000000001 /* Sources */ = {
			isa = PBXSourcesBuildPhase;
			buildActionMask = 2147483647;
			files = (
				A10000010000000000000001 /* main.swift in Sources */,
				A10000010000000000000002 /* AppDelegate.swift in Sources */,
				A10000010000000000000003 /* OpenGramApp.swift in Sources */,
				A10000010000000000000004 /* StatusBarController.swift in Sources */,
				A10000010000000000000005 /* HotkeyManagerProtocol.swift in Sources */,
				A10000010000000000000006 /* AXTextEngineProtocol.swift in Sources */,
				A10000010000000000000007 /* TextContext.swift in Sources */,
				A10000010000000000000008 /* EventTapBridge.swift in Sources */,
				A10000010000000000000009 /* HotkeyManager.swift in Sources */,
			);
			runOnlyForDeploymentPostprocessing = 0;
		};
		B60000010000000000000001 /* Sources */ = {
			isa = PBXSourcesBuildPhase;
			buildActionMask = 2147483647;
			files = (
				B10000010000000000000001 /* HotkeyManagerTests.swift in Sources */,
			);
			runOnlyForDeploymentPostprocessing = 0;
		};
/* End PBXSourcesBuildPhase section */

/* Begin XCBuildConfiguration section */
		A90000010000000000000001 /* Debug */ = {
			isa = XCBuildConfiguration;
			buildSettings = {
				ALWAYS_SEARCH_USER_PATHS = NO;
				CLANG_ANALYZER_NONNULL = YES;
				CLANG_CXX_LANGUAGE_STANDARD = "gnu++20";
				CLANG_ENABLE_MODULES = YES;
				CLANG_ENABLE_OBJC_ARC = YES;
				COPY_PHASE_STRIP = NO;
				DEBUG_INFORMATION_FORMAT = dwarf;
				ENABLE_STRICT_OBJC_MSGSEND = YES;
				ENABLE_TESTABILITY = YES;
				GCC_DYNAMIC_NO_PIC = NO;
				GCC_OPTIMIZATION_LEVEL = 0;
				GCC_PREPROCESSOR_DEFINITIONS = (
					"DEBUG=1",
					"$(inherited)",
				);
				GCC_WARN_64_TO_32_BIT_CONVERSION = YES;
				GCC_WARN_ABOUT_RETURN_TYPE = YES_ERROR;
				GCC_WARN_UNINITIALIZED_AUTOS = YES_AGGRESSIVE;
				GCC_WARN_UNUSED_FUNCTION = YES;
				GCC_WARN_UNUSED_VARIABLE = YES;
				MACOSX_DEPLOYMENT_TARGET = 14.0;
				MTL_ENABLE_DEBUG_INFO = INCLUDE_SOURCE;
				MTL_FAST_MATH = YES;
				ONLY_ACTIVE_ARCH = YES;
				SDKROOT = macosx;
				SWIFT_ACTIVE_COMPILATION_CONDITIONS = "$(inherited) DEBUG";
				SWIFT_OPTIMIZATION_LEVEL = "-Onone";
			};
			name = Debug;
		};
		A90000010000000000000002 /* Release */ = {
			isa = XCBuildConfiguration;
			buildSettings = {
				ALWAYS_SEARCH_USER_PATHS = NO;
				CLANG_ANALYZER_NONNULL = YES;
				CLANG_CXX_LANGUAGE_STANDARD = "gnu++20";
				CLANG_ENABLE_MODULES = YES;
				CLANG_ENABLE_OBJC_ARC = YES;
				COPY_PHASE_STRIP = NO;
				DEBUG_INFORMATION_FORMAT = "dwarf-with-dsym";
				ENABLE_NS_ASSERTIONS = NO;
				ENABLE_STRICT_OBJC_MSGSEND = YES;
				GCC_WARN_64_TO_32_BIT_CONVERSION = YES;
				GCC_WARN_ABOUT_RETURN_TYPE = YES_ERROR;
				GCC_WARN_UNINITIALIZED_AUTOS = YES_AGGRESSIVE;
				GCC_WARN_UNUSED_FUNCTION = YES;
				GCC_WARN_UNUSED_VARIABLE = YES;
				MACOSX_DEPLOYMENT_TARGET = 14.0;
				MTL_FAST_MATH = YES;
				SDKROOT = macosx;
				SWIFT_COMPILATION_MODE = wholemodule;
			};
			name = Release;
		};
		A90000010000000000000003 /* Debug */ = {
			isa = XCBuildConfiguration;
			buildSettings = {
				ASSETCATALOG_COMPILER_APPICON_NAME = AppIcon;
				CODE_SIGN_ENTITLEMENTS = OpenGram.entitlements;
				CODE_SIGN_STYLE = Automatic;
				COMBINE_HIDPI_IMAGES = YES;
				CURRENT_PROJECT_VERSION = 1;
				GENERATE_INFOPLIST_FILE = YES;
				INFOPLIST_KEY_LSUIElement = YES;
				INFOPLIST_KEY_NSAccessibilityUsageDescription = "OpenGram reads and writes text in other apps to check and correct your writing.";
				INFOPLIST_KEY_NSMainNibFile = "";
				INFOPLIST_KEY_NSPrincipalClass = "";
				MARKETING_VERSION = 0.0.1;
				PRODUCT_BUNDLE_IDENTIFIER = com.opengram.app;
				PRODUCT_NAME = "$(TARGET_NAME)";
				SWIFT_EMIT_LOC_STRINGS = YES;
				SWIFT_STRICT_CONCURRENCY = complete;
				SWIFT_VERSION = 6.0;
			};
			name = Debug;
		};
		A90000010000000000000004 /* Release */ = {
			isa = XCBuildConfiguration;
			buildSettings = {
				ASSETCATALOG_COMPILER_APPICON_NAME = AppIcon;
				CODE_SIGN_ENTITLEMENTS = OpenGram.entitlements;
				CODE_SIGN_STYLE = Automatic;
				COMBINE_HIDPI_IMAGES = YES;
				CURRENT_PROJECT_VERSION = 1;
				GENERATE_INFOPLIST_FILE = YES;
				INFOPLIST_KEY_LSUIElement = YES;
				INFOPLIST_KEY_NSAccessibilityUsageDescription = "OpenGram reads and writes text in other apps to check and correct your writing.";
				INFOPLIST_KEY_NSMainNibFile = "";
				INFOPLIST_KEY_NSPrincipalClass = "";
				MARKETING_VERSION = 0.0.1;
				PRODUCT_BUNDLE_IDENTIFIER = com.opengram.app;
				PRODUCT_NAME = "$(TARGET_NAME)";
				SWIFT_EMIT_LOC_STRINGS = YES;
				SWIFT_STRICT_CONCURRENCY = complete;
				SWIFT_VERSION = 6.0;
			};
			name = Release;
		};
		B90000010000000000000001 /* Debug */ = {
			isa = XCBuildConfiguration;
			buildSettings = {
				BUNDLE_LOADER = "$(TEST_HOST)";
				CODE_SIGN_STYLE = Automatic;
				CURRENT_PROJECT_VERSION = 1;
				GENERATE_INFOPLIST_FILE = YES;
				MARKETING_VERSION = 0.0.1;
				PRODUCT_BUNDLE_IDENTIFIER = com.opengram.app.tests;
				PRODUCT_NAME = "$(TARGET_NAME)";
				SWIFT_EMIT_LOC_STRINGS = NO;
				SWIFT_STRICT_CONCURRENCY = complete;
				SWIFT_VERSION = 6.0;
				TEST_HOST = "$(BUILT_PRODUCTS_DIR)/OpenGram.app/Contents/MacOS/OpenGram";
			};
			name = Debug;
		};
		B90000010000000000000002 /* Release */ = {
			isa = XCBuildConfiguration;
			buildSettings = {
				BUNDLE_LOADER = "$(TEST_HOST)";
				CODE_SIGN_STYLE = Automatic;
				CURRENT_PROJECT_VERSION = 1;
				GENERATE_INFOPLIST_FILE = YES;
				MARKETING_VERSION = 0.0.1;
				PRODUCT_BUNDLE_IDENTIFIER = com.opengram.app.tests;
				PRODUCT_NAME = "$(TARGET_NAME)";
				SWIFT_EMIT_LOC_STRINGS = NO;
				SWIFT_STRICT_CONCURRENCY = complete;
				SWIFT_VERSION = 6.0;
				TEST_HOST = "$(BUILT_PRODUCTS_DIR)/OpenGram.app/Contents/MacOS/OpenGram";
			};
			name = Release;
		};
/* End XCBuildConfiguration section */

/* Begin XCConfigurationList section */
		A70000010000000000000001 /* Build configuration list for PBXProject "OpenGram" */ = {
			isa = XCConfigurationList;
			buildConfigurations = (
				A90000010000000000000001 /* Debug */,
				A90000010000000000000002 /* Release */,
			);
			defaultConfigurationIsVisible = 0;
			defaultConfigurationName = Release;
		};
		A70000010000000000000003 /* Build configuration list for PBXNativeTarget "OpenGram" */ = {
			isa = XCConfigurationList;
			buildConfigurations = (
				A90000010000000000000003 /* Debug */,
				A90000010000000000000004 /* Release */,
			);
			defaultConfigurationIsVisible = 0;
			defaultConfigurationName = Release;
		};
		B70000010000000000000001 /* Build configuration list for PBXNativeTarget "OpenGramTests" */ = {
			isa = XCConfigurationList;
			buildConfigurations = (
				B90000010000000000000001 /* Debug */,
				B90000010000000000000002 /* Release */,
			);
			defaultConfigurationIsVisible = 0;
			defaultConfigurationName = Release;
		};
/* End XCConfigurationList section */

	};
	rootObject = A80000010000000000000001 /* Project object */;
}
