// !$*UTF8*$!
{
	archiveVersion = 1;
	classes = {
	};
	objectVersion = 56;
	objects = {

/* Begin PBXBuildFile section */
		A10000010000000000000001 /* main.swift in Sources */ = {isa = PBXBuildFile; fileRef = A20000010000000000000001 /* main.swift */; };
		A10000010000000000000002 /* AppDelegate.swift in Sources */ = {isa = PBXBuildFile; fileRef = A20000010000000000000002 /* AppDelegate.swift */; };
		A10000010000000000000003 /* OpenGramApp.swift in Sources */ = {isa = PBXBuildFile; fileRef = A20000010000000000000003 /* OpenGramApp.swift */; };
		A10000010000000000000004 /* StatusBarController.swift in Sources */ = {isa = PBXBuildFile; fileRef = A20000010000000000000004 /* StatusBarController.swift */; };
		A10000010000000000000005 /* HotkeyManagerProtocol.swift in Sources */ = {isa = PBXBuildFile; fileRef = A20000010000000000000005 /* HotkeyManagerProtocol.swift */; };
		A10000010000000000000006 /* AXTextEngineProtocol.swift in Sources */ = {isa = PBXBuildFile; fileRef = A20000010000000000000006 /* AXTextEngineProtocol.swift */; };
		A10000010000000000000007 /* TextContext.swift in Sources */ = {isa = PBXBuildFile; fileRef = A20000010000000000000007 /* TextContext.swift */; };
		A10000010000000000000008 /* EventTapBridge.swift in Sources */ = {isa = PBXBuildFile; fileRef = A20000010000000000000008 /* EventTapBridge.swift */; };
		A10000010000000000000009 /* MenuBuilder.swift in Sources */ = {isa = PBXBuildFile; fileRef = A20000010000000000000009 /* MenuBuilder.swift */; };
		A1000001000000000000000A /* IconStateMachine.swift in Sources */ = {isa = PBXBuildFile; fileRef = A2000001000000000000000A /* IconStateMachine.swift */; };
		A1000001000000000000000B /* PermissionGuide.swift in Sources */ = {isa = PBXBuildFile; fileRef = A2000001000000000000000D /* PermissionGuide.swift */; };
		A10000010000000000000011 /* HotkeyManager.swift in Sources */ = {isa = PBXBuildFile; fileRef = A20000010000000000000010 /* HotkeyManager.swift */; };
		A10000010000000000000020 /* AXAccessor.swift in Sources */ = {isa = PBXBuildFile; fileRef = A20000010000000000000020 /* AXAccessor.swift */; };
		A10000010000000000000021 /* AXCapabilityCacheProtocol.swift in Sources */ = {isa = PBXBuildFile; fileRef = A20000010000000000000021 /* AXCapabilityCacheProtocol.swift */; };
		A10000010000000000000022 /* AXTextEngine.swift in Sources */ = {isa = PBXBuildFile; fileRef = A20000010000000000000022 /* AXTextEngine.swift */; };
		A10000010000000000000023 /* AXCapabilityCache.swift in Sources */ = {isa = PBXBuildFile; fileRef = A20000010000000000000023 /* AXCapabilityCache.swift */; };
		A10000010000000000000030 /* GrammarCheckerProtocol.swift in Sources */ = {isa = PBXBuildFile; fileRef = A20000010000000000000030 /* GrammarCheckerProtocol.swift */; };
		A10000010000000000000031 /* Suggestion.swift in Sources */ = {isa = PBXBuildFile; fileRef = A20000010000000000000031 /* Suggestion.swift */; };
		A10000010000000000000032 /* DictionaryStore.swift in Sources */ = {isa = PBXBuildFile; fileRef = A20000010000000000000032 /* DictionaryStore.swift */; };
		A10000010000000000000033 /* HarperService.swift in Sources */ = {isa = PBXBuildFile; fileRef = A20000010000000000000033 /* HarperService.swift */; };
		A10000010000000000000034 /* HarperBridge.swift in Sources */ = {isa = PBXBuildFile; fileRef = A20000010000000000000034 /* HarperBridge.swift */; };
		A10000010000000000000040 /* OverlayController.swift in Sources */ = {isa = PBXBuildFile; fileRef = A20000010000000000000040 /* OverlayController.swift */; };
		A10000010000000000000041 /* OverlayWindow.swift in Sources */ = {isa = PBXBuildFile; fileRef = A20000010000000000000041 /* OverlayWindow.swift */; };
		A10000010000000000000042 /* PopoverView.swift in Sources */ = {isa = PBXBuildFile; fileRef = A20000010000000000000042 /* PopoverView.swift */; };
		A10000010000000000000043 /* SuggestionPopoverPanel.swift in Sources */ = {isa = PBXBuildFile; fileRef = A20000010000000000000043 /* SuggestionPopoverPanel.swift */; };
		A10000010000000000000044 /* UnderlineView.swift in Sources */ = {isa = PBXBuildFile; fileRef = A20000010000000000000044 /* UnderlineView.swift */; };
		A10000010000000000000045 /* TargetAppObserver.swift in Sources */ = {isa = PBXBuildFile; fileRef = A20000010000000000000045 /* TargetAppObserver.swift */; };
		A10000010000000000000046 /* BoundsValidator.swift in Sources */ = {isa = PBXBuildFile; fileRef = A20000010000000000000046 /* BoundsValidator.swift */; };
		A10000010000000000000047 /* AXCallWatchdog.swift in Sources */ = {isa = PBXBuildFile; fileRef = A20000010000000000000047 /* AXCallWatchdog.swift */; };
		A10000010000000000000050 /* AppQuirksTable.swift in Sources */ = {isa = PBXBuildFile; fileRef = A20000010000000000000050 /* AppQuirksTable.swift */; };
		A10000010000000000000051 /* AppQuirks.plist in Resources */ = {isa = PBXBuildFile; fileRef = A20000010000000000000051 /* AppQuirks.plist */; };
		A10000010000000000000060 /* HarperBridge.xcframework in Frameworks */ = {isa = PBXBuildFile; fileRef = A20000010000000000000060 /* HarperBridge.xcframework */; };
		B10000010000000000000001 /* IconStateMachineTests.swift in Sources */ = {isa = PBXBuildFile; fileRef = B20000010000000000000001 /* IconStateMachineTests.swift */; };
		B10000010000000000000002 /* MenuBuilderTests.swift in Sources */ = {isa = PBXBuildFile; fileRef = B20000010000000000000002 /* MenuBuilderTests.swift */; };
		B10000010000000000000003 /* HotkeyManagerTests.swift in Sources */ = {isa = PBXBuildFile; fileRef = B20000010000000000000003 /* HotkeyManagerTests.swift */; };
		B10000010000000000000004 /* AXTextEngineTests.swift in Sources */ = {isa = PBXBuildFile; fileRef = B20000010000000000000004 /* AXTextEngineTests.swift */; };
		B10000010000000000000005 /* AXCapabilityCacheTests.swift in Sources */ = {isa = PBXBuildFile; fileRef = B20000010000000000000005 /* AXCapabilityCacheTests.swift */; };
		B10000010000000000000006 /* TextContextTests.swift in Sources */ = {isa = PBXBuildFile; fileRef = B20000010000000000000006 /* TextContextTests.swift */; };
		B10000010000000000000010 /* AppDelegateWiringTests.swift in Sources */ = {isa = PBXBuildFile; fileRef = B20000010000000000000010 /* AppDelegateWiringTests.swift */; };
		B10000010000000000000011 /* DictionaryStoreTests.swift in Sources */ = {isa = PBXBuildFile; fileRef = B20000010000000000000011 /* DictionaryStoreTests.swift */; };
		B10000010000000000000012 /* HarperServiceTests.swift in Sources */ = {isa = PBXBuildFile; fileRef = B20000010000000000000012 /* HarperServiceTests.swift */; };
		B10000010000000000000013 /* SuggestionTests.swift in Sources */ = {isa = PBXBuildFile; fileRef = B20000010000000000000013 /* SuggestionTests.swift */; };
		B10000010000000000000020 /* AXCallWatchdogTests.swift in Sources */ = {isa = PBXBuildFile; fileRef = B20000010000000000000020 /* AXCallWatchdogTests.swift */; };
		B10000010000000000000021 /* BoundsForRangeTests.swift in Sources */ = {isa = PBXBuildFile; fileRef = B20000010000000000000021 /* BoundsForRangeTests.swift */; };
		B10000010000000000000022 /* BoundsValidatorTests.swift in Sources */ = {isa = PBXBuildFile; fileRef = B20000010000000000000022 /* BoundsValidatorTests.swift */; };
		B10000010000000000000023 /* OverlayControllerTests.swift in Sources */ = {isa = PBXBuildFile; fileRef = B20000010000000000000023 /* OverlayControllerTests.swift */; };
		B10000010000000000000024 /* OverlayWindowTests.swift in Sources */ = {isa = PBXBuildFile; fileRef = B20000010000000000000024 /* OverlayWindowTests.swift */; };
		B10000010000000000000025 /* PopoverViewTests.swift in Sources */ = {isa = PBXBuildFile; fileRef = B20000010000000000000025 /* PopoverViewTests.swift */; };
		B10000010000000000000026 /* SuggestionPopoverPanelTests.swift in Sources */ = {isa = PBXBuildFile; fileRef = B20000010000000000000026 /* SuggestionPopoverPanelTests.swift */; };
		B10000010000000000000027 /* TargetAppObserverTests.swift in Sources */ = {isa = PBXBuildFile; fileRef = B20000010000000000000027 /* TargetAppObserverTests.swift */; };
		B10000010000000000000028 /* UnderlineViewTests.swift in Sources */ = {isa = PBXBuildFile; fileRef = B20000010000000000000028 /* UnderlineViewTests.swift */; };
		A10000010000000000000070 /* SuggestionDiffEngine.swift in Sources */ = {isa = PBXBuildFile; fileRef = A20000010000000000000070 /* SuggestionDiffEngine.swift */; };
		B10000010000000000000030 /* SuggestionDiffEngineTests.swift in Sources */ = {isa = PBXBuildFile; fileRef = B20000010000000000000030 /* SuggestionDiffEngineTests.swift */; };
		B10000010000000000000031 /* AppQuirksTests.swift in Sources */ = {isa = PBXBuildFile; fileRef = B20000010000000000000031 /* AppQuirksTests.swift */; };
		A10000010000000000000080 /* TextMonitor.swift in Sources */ = {isa = PBXBuildFile; fileRef = A20000010000000000000080 /* TextMonitor.swift */; };
		A10000010000000000000090 /* LLMProviderProtocol.swift in Sources */ = {isa = PBXBuildFile; fileRef = A20000010000000000000090 /* LLMProviderProtocol.swift */; };
		A10000010000000000000091 /* LLMConfig.swift in Sources */ = {isa = PBXBuildFile; fileRef = A20000010000000000000091 /* LLMConfig.swift */; };
		A10000010000000000000092 /* LLMPrompts.swift in Sources */ = {isa = PBXBuildFile; fileRef = A20000010000000000000092 /* LLMPrompts.swift */; };
		A10000010000000000000093 /* LLMService.swift in Sources */ = {isa = PBXBuildFile; fileRef = A20000010000000000000093 /* LLMService.swift */; };
		A10000010000000000000096 /* LLMStyleSuggestion.swift in Sources */ = {isa = PBXBuildFile; fileRef = A20000010000000000000096 /* LLMStyleSuggestion.swift */; };
		A10000010000000000000097 /* LLMResponseDTO.swift in Sources */ = {isa = PBXBuildFile; fileRef = A20000010000000000000097 /* LLMResponseDTO.swift */; };
		A10000010000000000000098 /* ParagraphExtractor.swift in Sources */ = {isa = PBXBuildFile; fileRef = A20000010000000000000098 /* ParagraphExtractor.swift */; };
		A10000010000000000000094 /* CheckOrchestrator.swift in Sources */ = {isa = PBXBuildFile; fileRef = A20000010000000000000094 /* CheckOrchestrator.swift */; };
		A10000010000000000000095 /* LLMSettingsView.swift in Sources */ = {isa = PBXBuildFile; fileRef = A20000010000000000000095 /* LLMSettingsView.swift */; };
		B10000010000000000000032 /* TextMonitorTests.swift in Sources */ = {isa = PBXBuildFile; fileRef = B20000010000000000000032 /* TextMonitorTests.swift */; };
		B10000010000000000000033 /* OverlayControllerDiffTests.swift in Sources */ = {isa = PBXBuildFile; fileRef = B20000010000000000000033 /* OverlayControllerDiffTests.swift */; };
		B10000010000000000000034 /* LLMServiceTests.swift in Sources */ = {isa = PBXBuildFile; fileRef = B20000010000000000000034 /* LLMServiceTests.swift */; };
		B10000010000000000000035 /* LLMPromptsTests.swift in Sources */ = {isa = PBXBuildFile; fileRef = B20000010000000000000035 /* LLMPromptsTests.swift */; };
		B10000010000000000000036 /* CheckOrchestratorTests.swift in Sources */ = {isa = PBXBuildFile; fileRef = B20000010000000000000036 /* CheckOrchestratorTests.swift */; };
		B10000010000000000000037 /* LLMSettingsPanelTests.swift in Sources */ = {isa = PBXBuildFile; fileRef = B20000010000000000000037 /* LLMSettingsPanelTests.swift */; };
		B1000001000000000000003A /* LLMResponseDTOTests.swift in Sources */ = {isa = PBXBuildFile; fileRef = B2000001000000000000003A /* LLMResponseDTOTests.swift */; };
		B1000001000000000000003B /* ParagraphExtractorTests.swift in Sources */ = {isa = PBXBuildFile; fileRef = B2000001000000000000003B /* ParagraphExtractorTests.swift */; };
		A100000100000000000000A0 /* AppWhitelist.swift in Sources */ = {isa = PBXBuildFile; fileRef = A200000100000000000000A0 /* AppWhitelist.swift */; };
		B100000100000000000000A0 /* AppWhitelistTests.swift in Sources */ = {isa = PBXBuildFile; fileRef = B200000100000000000000A0 /* AppWhitelistTests.swift */; };
		B100000100000000000000C0 /* PanelPositionerTests.swift in Sources */ = {isa = PBXBuildFile; fileRef = B200000100000000000000C0 /* PanelPositionerTests.swift */; };
		A100000100000000000000A1 /* WhitelistSettingsView.swift in Sources */ = {isa = PBXBuildFile; fileRef = A200000100000000000000A1 /* WhitelistSettingsView.swift */; };
		A100000100000000000000A2 /* InlineDiffView.swift in Sources */ = {isa = PBXBuildFile; fileRef = A200000100000000000000A2 /* InlineDiffView.swift */; };
		A100000100000000000000B0 /* Log.swift in Sources */ = {isa = PBXBuildFile; fileRef = A200000100000000000000B0 /* Log.swift */; };
		A100000100000000000000B1 /* PanelPositioner.swift in Sources */ = {isa = PBXBuildFile; fileRef = A200000100000000000000B1 /* PanelPositioner.swift */; };
		A100000100000000000000B2 /* ReliabilityDetector.swift in Sources */ = {isa = PBXBuildFile; fileRef = A200000100000000000000B2 /* ReliabilityDetector.swift */; };
		A100000100000000000000B3 /* CheckCoordinator.swift in Sources */ = {isa = PBXBuildFile; fileRef = A200000100000000000000B3 /* CheckCoordinator.swift */; };
		A100000100000000000000B4 /* ConfigManager.swift in Sources */ = {isa = PBXBuildFile; fileRef = A200000100000000000000B4 /* ConfigManager.swift */; };
		C10000010000000000000001 /* KeychainAccess in Frameworks */ = {isa = PBXBuildFile; productRef = C20000010000000000000001 /* KeychainAccess */; };
		A100000100000000000000C0 /* Paragraph.swift in Sources */ = {isa = PBXBuildFile; fileRef = A200000100000000000000C0 /* Paragraph.swift */; };
		A100000100000000000000C1 /* CacheClock.swift in Sources */ = {isa = PBXBuildFile; fileRef = A200000100000000000000C1 /* CacheClock.swift */; };
		B100000100000000000000D0 /* CacheClockTests.swift in Sources */ = {isa = PBXBuildFile; fileRef = B200000100000000000000D0 /* CacheClockTests.swift */; };
		A100000100000000000000C2 /* ParagraphSplitter.swift in Sources */ = {isa = PBXBuildFile; fileRef = A200000100000000000000C2 /* ParagraphSplitter.swift */; };
		B100000100000000000000D1 /* ParagraphSplitterTests.swift in Sources */ = {isa = PBXBuildFile; fileRef = B200000100000000000000D1 /* ParagraphSplitterTests.swift */; };
		A100000100000000000000C3 /* ParagraphHasher.swift in Sources */ = {isa = PBXBuildFile; fileRef = A200000100000000000000C3 /* ParagraphHasher.swift */; };
		B100000100000000000000D2 /* ParagraphHasherTests.swift in Sources */ = {isa = PBXBuildFile; fileRef = B200000100000000000000D2 /* ParagraphHasherTests.swift */; };
		A100000100000000000000C4 /* ParagraphSuggestionCache.swift in Sources */ = {isa = PBXBuildFile; fileRef = A200000100000000000000C4 /* ParagraphSuggestionCache.swift */; };
		B100000100000000000000D3 /* ParagraphSuggestionCacheTests.swift in Sources */ = {isa = PBXBuildFile; fileRef = B200000100000000000000D3 /* ParagraphSuggestionCacheTests.swift */; };
		A100000100000000000000E0 /* IncrementalConfig.swift in Sources */ = {isa = PBXBuildFile; fileRef = A200000100000000000000E0 /* IncrementalConfig.swift */; };
		A100000100000000000000E1 /* LLMCheckScheduler.swift in Sources */ = {isa = PBXBuildFile; fileRef = A200000100000000000000E1 /* LLMCheckScheduler.swift */; };
		B100000100000000000000E0 /* LLMCheckSchedulerTests.swift in Sources */ = {isa = PBXBuildFile; fileRef = B200000100000000000000E0 /* LLMCheckSchedulerTests.swift */; };
		B100000100000000000000E1 /* LLMCheckSchedulerCancellationTests.swift in Sources */ = {isa = PBXBuildFile; fileRef = B200000100000000000000E1 /* LLMCheckSchedulerCancellationTests.swift */; };
		B100000100000000000000E3 /* CheckCoordinatorSchedulerIntegrationTests.swift in Sources */ = {isa = PBXBuildFile; fileRef = B200000100000000000000E3 /* CheckCoordinatorSchedulerIntegrationTests.swift */; };
		B100000100000000000000E4 /* LLMCheckSchedulerMarkDismissedTests.swift in Sources */ = {isa = PBXBuildFile; fileRef = B200000100000000000000E4 /* LLMCheckSchedulerMarkDismissedTests.swift */; };
		B100000100000000000000F0 /* IncrementalConfigTests.swift in Sources */ = {isa = PBXBuildFile; fileRef = B200000100000000000000F0 /* IncrementalConfigTests.swift */; };
		A100000100000000000000E2 /* AdvancedSettingsView.swift in Sources */ = {isa = PBXBuildFile; fileRef = A200000100000000000000E2 /* AdvancedSettingsView.swift */; };
		B100000100000000000000F1 /* AdvancedSettingsViewTests.swift in Sources */ = {isa = PBXBuildFile; fileRef = B200000100000000000000F1 /* AdvancedSettingsViewTests.swift */; };
		A18000010000000000000021 /* AXTextReplacer.swift in Sources */ = {isa = PBXBuildFile; fileRef = A28000010000000000000021 /* AXTextReplacer.swift */; };
		B18000010000000000000021 /* AXTextReplacerTests.swift in Sources */ = {isa = PBXBuildFile; fileRef = B28000010000000000000021 /* AXTextReplacerTests.swift */; };
		A18020010000000000000001 /* TextDiff.swift in Sources */ = {isa = PBXBuildFile; fileRef = A28020010000000000000001 /* TextDiff.swift */; };
		A18020010000000000000002 /* DisplayHeuristic.swift in Sources */ = {isa = PBXBuildFile; fileRef = A28020010000000000000002 /* DisplayHeuristic.swift */; };
		A18020010000000000000003 /* RephraseComposer.swift in Sources */ = {isa = PBXBuildFile; fileRef = A28020010000000000000003 /* RephraseComposer.swift */; };
		A18020010000000000000004 /* RephraseCardViewModel.swift in Sources */ = {isa = PBXBuildFile; fileRef = A28020010000000000000004 /* RephraseCardViewModel.swift */; };
		B18020010000000000000001 /* TextDiffTests.swift in Sources */ = {isa = PBXBuildFile; fileRef = B28020010000000000000001 /* TextDiffTests.swift */; };
		B18020010000000000000002 /* DisplayHeuristicTests.swift in Sources */ = {isa = PBXBuildFile; fileRef = B28020010000000000000002 /* DisplayHeuristicTests.swift */; };
		B18020010000000000000003 /* RephraseComposerTests.swift in Sources */ = {isa = PBXBuildFile; fileRef = B28020010000000000000003 /* RephraseComposerTests.swift */; };
		B18020010000000000000004 /* RephraseCardViewModelTests.swift in Sources */ = {isa = PBXBuildFile; fileRef = B28020010000000000000004 /* RephraseCardViewModelTests.swift */; };
		A18050010000000000000001 /* RephraseCardView.swift in Sources */ = {isa = PBXBuildFile; fileRef = A28050010000000000000001 /* RephraseCardView.swift */; };
		B18050010000000000000001 /* RephraseCardViewTests.swift in Sources */ = {isa = PBXBuildFile; fileRef = B28050010000000000000001 /* RephraseCardViewTests.swift */; };
		A18050010000000000000002 /* RephraseCardPanelController.swift in Sources */ = {isa = PBXBuildFile; fileRef = A28050010000000000000002 /* RephraseCardPanelController.swift */; };
		B18050010000000000000002 /* RephraseCardPanelControllerTests.swift in Sources */ = {isa = PBXBuildFile; fileRef = B28050010000000000000002 /* RephraseCardPanelControllerTests.swift */; };
		A18060010000000000000001 /* SourceParagraphHighlight.swift in Sources */ = {isa = PBXBuildFile; fileRef = A28060010000000000000001 /* SourceParagraphHighlight.swift */; };
		B18060010000000000000001 /* SourceParagraphHighlightTests.swift in Sources */ = {isa = PBXBuildFile; fileRef = B28060010000000000000001 /* SourceParagraphHighlightTests.swift */; };
		B18060010000000000000002 /* OverlayControllerHideUnderlinesTests.swift in Sources */ = {isa = PBXBuildFile; fileRef = B28060010000000000000002 /* OverlayControllerHideUnderlinesTests.swift */; };
		B18070010000000000000001 /* MultiQualifierSelectionTests.swift in Sources */ = {isa = PBXBuildFile; fileRef = B28070010000000000000001 /* MultiQualifierSelectionTests.swift */; };
		B18070010000000000000002 /* OverlayControllerRephraseIntegrationTests.swift in Sources */ = {isa = PBXBuildFile; fileRef = B28070010000000000000002 /* OverlayControllerRephraseIntegrationTests.swift */; };
		B18080010000000000000001 /* RephraseCardLifecycleTests.swift in Sources */ = {isa = PBXBuildFile; fileRef = B28080010000000000000001 /* RephraseCardLifecycleTests.swift */; };
/* End PBXBuildFile section */

/* Begin PBXContainerItemProxy section */
		B30000010000000000000001 /* PBXContainerItemProxy */ = {
			isa = PBXContainerItemProxy;
			containerPortal = A80000010000000000000001 /* Project object */;
			proxyType = 1;
			remoteGlobalIDString = A50000010000000000000001;
			remoteInfo = OpenGram;
		};
/* End PBXContainerItemProxy section */

/* Begin PBXFileReference section */
		A20000010000000000000001 /* main.swift */ = {isa = PBXFileReference; lastKnownFileType = sourcecode.swift; path = main.swift; sourceTree = "<group>"; };
		A20000010000000000000002 /* AppDelegate.swift */ = {isa = PBXFileReference; lastKnownFileType = sourcecode.swift; path = AppDelegate.swift; sourceTree = "<group>"; };
		A20000010000000000000003 /* OpenGramApp.swift */ = {isa = PBXFileReference; lastKnownFileType = sourcecode.swift; path = OpenGramApp.swift; sourceTree = "<group>"; };
		A20000010000000000000004 /* StatusBarController.swift */ = {isa = PBXFileReference; lastKnownFileType = sourcecode.swift; path = StatusBarController.swift; sourceTree = "<group>"; };
		A20000010000000000000005 /* HotkeyManagerProtocol.swift */ = {isa = PBXFileReference; lastKnownFileType = sourcecode.swift; path = HotkeyManagerProtocol.swift; sourceTree = "<group>"; };
		A20000010000000000000006 /* AXTextEngineProtocol.swift */ = {isa = PBXFileReference; lastKnownFileType = sourcecode.swift; path = AXTextEngineProtocol.swift; sourceTree = "<group>"; };
		A20000010000000000000007 /* TextContext.swift */ = {isa = PBXFileReference; lastKnownFileType = sourcecode.swift; path = TextContext.swift; sourceTree = "<group>"; };
		A20000010000000000000008 /* EventTapBridge.swift */ = {isa = PBXFileReference; lastKnownFileType = sourcecode.swift; path = EventTapBridge.swift; sourceTree = "<group>"; };
		A20000010000000000000009 /* MenuBuilder.swift */ = {isa = PBXFileReference; lastKnownFileType = sourcecode.swift; path = MenuBuilder.swift; sourceTree = "<group>"; };
		A2000001000000000000000A /* IconStateMachine.swift */ = {isa = PBXFileReference; lastKnownFileType = sourcecode.swift; path = IconStateMachine.swift; sourceTree = "<group>"; };
		A2000001000000000000000B /* OpenGram.entitlements */ = {isa = PBXFileReference; lastKnownFileType = text.plist.entitlements; path = OpenGram.entitlements; sourceTree = "<group>"; };
		A2000001000000000000000C /* OpenGram.app */ = {isa = PBXFileReference; explicitFileType = wrapper.application; includeInIndex = 0; path = OpenGram.app; sourceTree = BUILT_PRODUCTS_DIR; };
		A2000001000000000000000D /* PermissionGuide.swift */ = {isa = PBXFileReference; lastKnownFileType = sourcecode.swift; path = PermissionGuide.swift; sourceTree = "<group>"; };
		A20000010000000000000010 /* HotkeyManager.swift */ = {isa = PBXFileReference; lastKnownFileType = sourcecode.swift; path = HotkeyManager.swift; sourceTree = "<group>"; };
		A20000010000000000000020 /* AXAccessor.swift */ = {isa = PBXFileReference; lastKnownFileType = sourcecode.swift; path = AXAccessor.swift; sourceTree = "<group>"; };
		A20000010000000000000021 /* AXCapabilityCacheProtocol.swift */ = {isa = PBXFileReference; lastKnownFileType = sourcecode.swift; path = AXCapabilityCacheProtocol.swift; sourceTree = "<group>"; };
		A20000010000000000000022 /* AXTextEngine.swift */ = {isa = PBXFileReference; lastKnownFileType = sourcecode.swift; path = AXTextEngine.swift; sourceTree = "<group>"; };
		A20000010000000000000023 /* AXCapabilityCache.swift */ = {isa = PBXFileReference; lastKnownFileType = sourcecode.swift; path = AXCapabilityCache.swift; sourceTree = "<group>"; };
		A20000010000000000000030 /* GrammarCheckerProtocol.swift */ = {isa = PBXFileReference; lastKnownFileType = sourcecode.swift; path = GrammarCheckerProtocol.swift; sourceTree = "<group>"; };
		A20000010000000000000031 /* Suggestion.swift */ = {isa = PBXFileReference; lastKnownFileType = sourcecode.swift; path = Suggestion.swift; sourceTree = "<group>"; };
		A20000010000000000000032 /* DictionaryStore.swift */ = {isa = PBXFileReference; lastKnownFileType = sourcecode.swift; path = DictionaryStore.swift; sourceTree = "<group>"; };
		A20000010000000000000033 /* HarperService.swift */ = {isa = PBXFileReference; lastKnownFileType = sourcecode.swift; path = HarperService.swift; sourceTree = "<group>"; };
		A20000010000000000000034 /* HarperBridge.swift */ = {isa = PBXFileReference; lastKnownFileType = sourcecode.swift; path = HarperBridge.swift; sourceTree = "<group>"; };
		A20000010000000000000040 /* OverlayController.swift */ = {isa = PBXFileReference; lastKnownFileType = sourcecode.swift; path = OverlayController.swift; sourceTree = "<group>"; };
		A20000010000000000000041 /* OverlayWindow.swift */ = {isa = PBXFileReference; lastKnownFileType = sourcecode.swift; path = OverlayWindow.swift; sourceTree = "<group>"; };
		A20000010000000000000042 /* PopoverView.swift */ = {isa = PBXFileReference; lastKnownFileType = sourcecode.swift; path = PopoverView.swift; sourceTree = "<group>"; };
		A20000010000000000000043 /* SuggestionPopoverPanel.swift */ = {isa = PBXFileReference; lastKnownFileType = sourcecode.swift; path = SuggestionPopoverPanel.swift; sourceTree = "<group>"; };
		A20000010000000000000044 /* UnderlineView.swift */ = {isa = PBXFileReference; lastKnownFileType = sourcecode.swift; path = UnderlineView.swift; sourceTree = "<group>"; };
		A20000010000000000000045 /* TargetAppObserver.swift */ = {isa = PBXFileReference; lastKnownFileType = sourcecode.swift; path = TargetAppObserver.swift; sourceTree = "<group>"; };
		A20000010000000000000046 /* BoundsValidator.swift */ = {isa = PBXFileReference; lastKnownFileType = sourcecode.swift; path = BoundsValidator.swift; sourceTree = "<group>"; };
		A20000010000000000000047 /* AXCallWatchdog.swift */ = {isa = PBXFileReference; lastKnownFileType = sourcecode.swift; path = AXCallWatchdog.swift; sourceTree = "<group>"; };
		A20000010000000000000050 /* AppQuirksTable.swift */ = {isa = PBXFileReference; lastKnownFileType = sourcecode.swift; path = AppQuirksTable.swift; sourceTree = "<group>"; };
		A20000010000000000000051 /* AppQuirks.plist */ = {isa = PBXFileReference; lastKnownFileType = text.plist.xml; path = AppQuirks.plist; sourceTree = "<group>"; };
		A20000010000000000000060 /* HarperBridge.xcframework */ = {isa = PBXFileReference; lastKnownFileType = wrapper.xcframework; path = HarperBridge.xcframework; sourceTree = "<group>"; };
		B20000010000000000000001 /* IconStateMachineTests.swift */ = {isa = PBXFileReference; lastKnownFileType = sourcecode.swift; path = IconStateMachineTests.swift; sourceTree = "<group>"; };
		B20000010000000000000002 /* MenuBuilderTests.swift */ = {isa = PBXFileReference; lastKnownFileType = sourcecode.swift; path = MenuBuilderTests.swift; sourceTree = "<group>"; };
		B20000010000000000000003 /* HotkeyManagerTests.swift */ = {isa = PBXFileReference; lastKnownFileType = sourcecode.swift; path = HotkeyManagerTests.swift; sourceTree = "<group>"; };
		B20000010000000000000004 /* AXTextEngineTests.swift */ = {isa = PBXFileReference; lastKnownFileType = sourcecode.swift; path = AXTextEngineTests.swift; sourceTree = "<group>"; };
		B20000010000000000000005 /* AXCapabilityCacheTests.swift */ = {isa = PBXFileReference; lastKnownFileType = sourcecode.swift; path = AXCapabilityCacheTests.swift; sourceTree = "<group>"; };
		B20000010000000000000006 /* TextContextTests.swift */ = {isa = PBXFileReference; lastKnownFileType = sourcecode.swift; path = TextContextTests.swift; sourceTree = "<group>"; };
		B2000001000000000000000F /* OpenGramTests.xctest */ = {isa = PBXFileReference; explicitFileType = wrapper.cfbundle; includeInIndex = 0; path = OpenGramTests.xctest; sourceTree = BUILT_PRODUCTS_DIR; };
		B20000010000000000000010 /* AppDelegateWiringTests.swift */ = {isa = PBXFileReference; lastKnownFileType = sourcecode.swift; path = AppDelegateWiringTests.swift; sourceTree = "<group>"; };
		B20000010000000000000011 /* DictionaryStoreTests.swift */ = {isa = PBXFileReference; lastKnownFileType = sourcecode.swift; path = DictionaryStoreTests.swift; sourceTree = "<group>"; };
		B20000010000000000000012 /* HarperServiceTests.swift */ = {isa = PBXFileReference; lastKnownFileType = sourcecode.swift; path = HarperServiceTests.swift; sourceTree = "<group>"; };
		B20000010000000000000013 /* SuggestionTests.swift */ = {isa = PBXFileReference; lastKnownFileType = sourcecode.swift; path = SuggestionTests.swift; sourceTree = "<group>"; };
		B20000010000000000000020 /* AXCallWatchdogTests.swift */ = {isa = PBXFileReference; lastKnownFileType = sourcecode.swift; path = AXCallWatchdogTests.swift; sourceTree = "<group>"; };
		B20000010000000000000021 /* BoundsForRangeTests.swift */ = {isa = PBXFileReference; lastKnownFileType = sourcecode.swift; path = BoundsForRangeTests.swift; sourceTree = "<group>"; };
		B20000010000000000000022 /* BoundsValidatorTests.swift */ = {isa = PBXFileReference; lastKnownFileType = sourcecode.swift; path = BoundsValidatorTests.swift; sourceTree = "<group>"; };
		B20000010000000000000023 /* OverlayControllerTests.swift */ = {isa = PBXFileReference; lastKnownFileType = sourcecode.swift; path = OverlayControllerTests.swift; sourceTree = "<group>"; };
		B20000010000000000000024 /* OverlayWindowTests.swift */ = {isa = PBXFileReference; lastKnownFileType = sourcecode.swift; path = OverlayWindowTests.swift; sourceTree = "<group>"; };
		B20000010000000000000025 /* PopoverViewTests.swift */ = {isa = PBXFileReference; lastKnownFileType = sourcecode.swift; path = PopoverViewTests.swift; sourceTree = "<group>"; };
		B20000010000000000000026 /* SuggestionPopoverPanelTests.swift */ = {isa = PBXFileReference; lastKnownFileType = sourcecode.swift; path = SuggestionPopoverPanelTests.swift; sourceTree = "<group>"; };
		B20000010000000000000027 /* TargetAppObserverTests.swift */ = {isa = PBXFileReference; lastKnownFileType = sourcecode.swift; path = TargetAppObserverTests.swift; sourceTree = "<group>"; };
		B20000010000000000000028 /* UnderlineViewTests.swift */ = {isa = PBXFileReference; lastKnownFileType = sourcecode.swift; path = UnderlineViewTests.swift; sourceTree = "<group>"; };
		A20000010000000000000070 /* SuggestionDiffEngine.swift */ = {isa = PBXFileReference; lastKnownFileType = sourcecode.swift; path = SuggestionDiffEngine.swift; sourceTree = "<group>"; };
		B20000010000000000000030 /* SuggestionDiffEngineTests.swift */ = {isa = PBXFileReference; lastKnownFileType = sourcecode.swift; path = SuggestionDiffEngineTests.swift; sourceTree = "<group>"; };
		B20000010000000000000031 /* AppQuirksTests.swift */ = {isa = PBXFileReference; lastKnownFileType = sourcecode.swift; path = AppQuirksTests.swift; sourceTree = "<group>"; };
		A20000010000000000000080 /* TextMonitor.swift */ = {isa = PBXFileReference; lastKnownFileType = sourcecode.swift; path = TextMonitor.swift; sourceTree = "<group>"; };
		A20000010000000000000090 /* LLMProviderProtocol.swift */ = {isa = PBXFileReference; lastKnownFileType = sourcecode.swift; path = LLMProviderProtocol.swift; sourceTree = "<group>"; };
		A20000010000000000000091 /* LLMConfig.swift */ = {isa = PBXFileReference; lastKnownFileType = sourcecode.swift; path = LLMConfig.swift; sourceTree = "<group>"; };
		A20000010000000000000092 /* LLMPrompts.swift */ = {isa = PBXFileReference; lastKnownFileType = sourcecode.swift; path = LLMPrompts.swift; sourceTree = "<group>"; };
		A20000010000000000000093 /* LLMService.swift */ = {isa = PBXFileReference; lastKnownFileType = sourcecode.swift; path = LLMService.swift; sourceTree = "<group>"; };
		A20000010000000000000096 /* LLMStyleSuggestion.swift */ = {isa = PBXFileReference; lastKnownFileType = sourcecode.swift; path = LLMStyleSuggestion.swift; sourceTree = "<group>"; };
		A20000010000000000000097 /* LLMResponseDTO.swift */ = {isa = PBXFileReference; lastKnownFileType = sourcecode.swift; path = LLMResponseDTO.swift; sourceTree = "<group>"; };
		A20000010000000000000098 /* ParagraphExtractor.swift */ = {isa = PBXFileReference; lastKnownFileType = sourcecode.swift; path = ParagraphExtractor.swift; sourceTree = "<group>"; };
		A20000010000000000000094 /* CheckOrchestrator.swift */ = {isa = PBXFileReference; lastKnownFileType = sourcecode.swift; path = CheckOrchestrator.swift; sourceTree = "<group>"; };
		A20000010000000000000095 /* LLMSettingsView.swift */ = {isa = PBXFileReference; lastKnownFileType = sourcecode.swift; path = LLMSettingsView.swift; sourceTree = "<group>"; };
		B20000010000000000000032 /* TextMonitorTests.swift */ = {isa = PBXFileReference; lastKnownFileType = sourcecode.swift; path = TextMonitorTests.swift; sourceTree = "<group>"; };
		B20000010000000000000033 /* OverlayControllerDiffTests.swift */ = {isa = PBXFileReference; lastKnownFileType = sourcecode.swift; path = OverlayControllerDiffTests.swift; sourceTree = "<group>"; };
		B20000010000000000000034 /* LLMServiceTests.swift */ = {isa = PBXFileReference; lastKnownFileType = sourcecode.swift; path = LLMServiceTests.swift; sourceTree = "<group>"; };
		B20000010000000000000035 /* LLMPromptsTests.swift */ = {isa = PBXFileReference; lastKnownFileType = sourcecode.swift; path = LLMPromptsTests.swift; sourceTree = "<group>"; };
		B20000010000000000000036 /* CheckOrchestratorTests.swift */ = {isa = PBXFileReference; lastKnownFileType = sourcecode.swift; path = CheckOrchestratorTests.swift; sourceTree = "<group>"; };
		B20000010000000000000037 /* LLMSettingsPanelTests.swift */ = {isa = PBXFileReference; lastKnownFileType = sourcecode.swift; path = LLMSettingsPanelTests.swift; sourceTree = "<group>"; };
		B2000001000000000000003A /* LLMResponseDTOTests.swift */ = {isa = PBXFileReference; lastKnownFileType = sourcecode.swift; path = LLMResponseDTOTests.swift; sourceTree = "<group>"; };
		B2000001000000000000003B /* ParagraphExtractorTests.swift */ = {isa = PBXFileReference; lastKnownFileType = sourcecode.swift; path = ParagraphExtractorTests.swift; sourceTree = "<group>"; };
		A200000100000000000000A0 /* AppWhitelist.swift */ = {isa = PBXFileReference; lastKnownFileType = sourcecode.swift; path = AppWhitelist.swift; sourceTree = "<group>"; };
		B200000100000000000000A0 /* AppWhitelistTests.swift */ = {isa = PBXFileReference; lastKnownFileType = sourcecode.swift; path = AppWhitelistTests.swift; sourceTree = "<group>"; };
		A200000100000000000000A1 /* WhitelistSettingsView.swift */ = {isa = PBXFileReference; lastKnownFileType = sourcecode.swift; path = WhitelistSettingsView.swift; sourceTree = "<group>"; };
		A200000100000000000000A2 /* InlineDiffView.swift */ = {isa = PBXFileReference; lastKnownFileType = sourcecode.swift; path = InlineDiffView.swift; sourceTree = "<group>"; };
		A200000100000000000000B0 /* Log.swift */ = {isa = PBXFileReference; lastKnownFileType = sourcecode.swift; path = Log.swift; sourceTree = "<group>"; };
		A200000100000000000000B1 /* PanelPositioner.swift */ = {isa = PBXFileReference; lastKnownFileType = sourcecode.swift; path = PanelPositioner.swift; sourceTree = "<group>"; };
		A200000100000000000000B2 /* ReliabilityDetector.swift */ = {isa = PBXFileReference; lastKnownFileType = sourcecode.swift; path = ReliabilityDetector.swift; sourceTree = "<group>"; };
		A200000100000000000000B3 /* CheckCoordinator.swift */ = {isa = PBXFileReference; lastKnownFileType = sourcecode.swift; path = CheckCoordinator.swift; sourceTree = "<group>"; };
		A200000100000000000000B4 /* ConfigManager.swift */ = {isa = PBXFileReference; lastKnownFileType = sourcecode.swift; path = ConfigManager.swift; sourceTree = "<group>"; };
		B200000100000000000000C0 /* PanelPositionerTests.swift */ = {isa = PBXFileReference; lastKnownFileType = sourcecode.swift; path = PanelPositionerTests.swift; sourceTree = "<group>"; };
		A200000100000000000000C0 /* Paragraph.swift */ = {isa = PBXFileReference; lastKnownFileType = sourcecode.swift; path = Paragraph.swift; sourceTree = "<group>"; };
		A200000100000000000000C1 /* CacheClock.swift */ = {isa = PBXFileReference; lastKnownFileType = sourcecode.swift; path = CacheClock.swift; sourceTree = "<group>"; };
		B200000100000000000000D0 /* CacheClockTests.swift */ = {isa = PBXFileReference; lastKnownFileType = sourcecode.swift; path = CacheClockTests.swift; sourceTree = "<group>"; };
		A200000100000000000000C2 /* ParagraphSplitter.swift */ = {isa = PBXFileReference; lastKnownFileType = sourcecode.swift; path = ParagraphSplitter.swift; sourceTree = "<group>"; };
		B200000100000000000000D1 /* ParagraphSplitterTests.swift */ = {isa = PBXFileReference; lastKnownFileType = sourcecode.swift; path = ParagraphSplitterTests.swift; sourceTree = "<group>"; };
		A200000100000000000000C3 /* ParagraphHasher.swift */ = {isa = PBXFileReference; lastKnownFileType = sourcecode.swift; path = ParagraphHasher.swift; sourceTree = "<group>"; };
		B200000100000000000000D2 /* ParagraphHasherTests.swift */ = {isa = PBXFileReference; lastKnownFileType = sourcecode.swift; path = ParagraphHasherTests.swift; sourceTree = "<group>"; };
		A200000100000000000000C4 /* ParagraphSuggestionCache.swift */ = {isa = PBXFileReference; lastKnownFileType = sourcecode.swift; path = ParagraphSuggestionCache.swift; sourceTree = "<group>"; };
		B200000100000000000000D3 /* ParagraphSuggestionCacheTests.swift */ = {isa = PBXFileReference; lastKnownFileType = sourcecode.swift; path = ParagraphSuggestionCacheTests.swift; sourceTree = "<group>"; };
		A200000100000000000000E0 /* IncrementalConfig.swift */ = {isa = PBXFileReference; lastKnownFileType = sourcecode.swift; path = IncrementalConfig.swift; sourceTree = "<group>"; };
		A200000100000000000000E1 /* LLMCheckScheduler.swift */ = {isa = PBXFileReference; lastKnownFileType = sourcecode.swift; path = LLMCheckScheduler.swift; sourceTree = "<group>"; };
		B200000100000000000000E0 /* LLMCheckSchedulerTests.swift */ = {isa = PBXFileReference; lastKnownFileType = sourcecode.swift; path = LLMCheckSchedulerTests.swift; sourceTree = "<group>"; };
		B200000100000000000000E1 /* LLMCheckSchedulerCancellationTests.swift */ = {isa = PBXFileReference; lastKnownFileType = sourcecode.swift; path = LLMCheckSchedulerCancellationTests.swift; sourceTree = "<group>"; };
		B200000100000000000000E3 /* CheckCoordinatorSchedulerIntegrationTests.swift */ = {isa = PBXFileReference; lastKnownFileType = sourcecode.swift; path = CheckCoordinatorSchedulerIntegrationTests.swift; sourceTree = "<group>"; };
		B200000100000000000000E4 /* LLMCheckSchedulerMarkDismissedTests.swift */ = {isa = PBXFileReference; lastKnownFileType = sourcecode.swift; path = LLMCheckSchedulerMarkDismissedTests.swift; sourceTree = "<group>"; };
		B200000100000000000000F0 /* IncrementalConfigTests.swift */ = {isa = PBXFileReference; lastKnownFileType = sourcecode.swift; path = IncrementalConfigTests.swift; sourceTree = "<group>"; };
		A200000100000000000000E2 /* AdvancedSettingsView.swift */ = {isa = PBXFileReference; lastKnownFileType = sourcecode.swift; path = AdvancedSettingsView.swift; sourceTree = "<group>"; };
		B200000100000000000000F1 /* AdvancedSettingsViewTests.swift */ = {isa = PBXFileReference; lastKnownFileType = sourcecode.swift; path = AdvancedSettingsViewTests.swift; sourceTree = "<group>"; };
		A28000010000000000000021 /* AXTextReplacer.swift */ = {isa = PBXFileReference; lastKnownFileType = sourcecode.swift; path = AXTextReplacer.swift; sourceTree = "<group>"; };
		B28000010000000000000021 /* AXTextReplacerTests.swift */ = {isa = PBXFileReference; lastKnownFileType = sourcecode.swift; path = AXTextReplacerTests.swift; sourceTree = "<group>"; };
		A28020010000000000000001 /* TextDiff.swift */ = {isa = PBXFileReference; lastKnownFileType = sourcecode.swift; path = TextDiff.swift; sourceTree = "<group>"; };
		A28020010000000000000002 /* DisplayHeuristic.swift */ = {isa = PBXFileReference; lastKnownFileType = sourcecode.swift; path = DisplayHeuristic.swift; sourceTree = "<group>"; };
		A28020010000000000000003 /* RephraseComposer.swift */ = {isa = PBXFileReference; lastKnownFileType = sourcecode.swift; path = RephraseComposer.swift; sourceTree = "<group>"; };
		A28020010000000000000004 /* RephraseCardViewModel.swift */ = {isa = PBXFileReference; lastKnownFileType = sourcecode.swift; path = RephraseCardViewModel.swift; sourceTree = "<group>"; };
		B28020010000000000000001 /* TextDiffTests.swift */ = {isa = PBXFileReference; lastKnownFileType = sourcecode.swift; path = TextDiffTests.swift; sourceTree = "<group>"; };
		B28020010000000000000002 /* DisplayHeuristicTests.swift */ = {isa = PBXFileReference; lastKnownFileType = sourcecode.swift; path = DisplayHeuristicTests.swift; sourceTree = "<group>"; };
		B28020010000000000000003 /* RephraseComposerTests.swift */ = {isa = PBXFileReference; lastKnownFileType = sourcecode.swift; path = RephraseComposerTests.swift; sourceTree = "<group>"; };
		B28020010000000000000004 /* RephraseCardViewModelTests.swift */ = {isa = PBXFileReference; lastKnownFileType = sourcecode.swift; path = RephraseCardViewModelTests.swift; sourceTree = "<group>"; };
		A28050010000000000000001 /* RephraseCardView.swift */ = {isa = PBXFileReference; lastKnownFileType = sourcecode.swift; path = RephraseCardView.swift; sourceTree = "<group>"; };
		B28050010000000000000001 /* RephraseCardViewTests.swift */ = {isa = PBXFileReference; lastKnownFileType = sourcecode.swift; path = RephraseCardViewTests.swift; sourceTree = "<group>"; };
		A28050010000000000000002 /* RephraseCardPanelController.swift */ = {isa = PBXFileReference; lastKnownFileType = sourcecode.swift; path = RephraseCardPanelController.swift; sourceTree = "<group>"; };
		B28050010000000000000002 /* RephraseCardPanelControllerTests.swift */ = {isa = PBXFileReference; lastKnownFileType = sourcecode.swift; path = RephraseCardPanelControllerTests.swift; sourceTree = "<group>"; };
		A28060010000000000000001 /* SourceParagraphHighlight.swift */ = {isa = PBXFileReference; lastKnownFileType = sourcecode.swift; path = SourceParagraphHighlight.swift; sourceTree = "<group>"; };
		B28060010000000000000001 /* SourceParagraphHighlightTests.swift */ = {isa = PBXFileReference; lastKnownFileType = sourcecode.swift; path = SourceParagraphHighlightTests.swift; sourceTree = "<group>"; };
		B28060010000000000000002 /* OverlayControllerHideUnderlinesTests.swift */ = {isa = PBXFileReference; lastKnownFileType = sourcecode.swift; path = OverlayControllerHideUnderlinesTests.swift; sourceTree = "<group>"; };
		B28070010000000000000001 /* MultiQualifierSelectionTests.swift */ = {isa = PBXFileReference; lastKnownFileType = sourcecode.swift; path = MultiQualifierSelectionTests.swift; sourceTree = "<group>"; };
		B28070010000000000000002 /* OverlayControllerRephraseIntegrationTests.swift */ = {isa = PBXFileReference; lastKnownFileType = sourcecode.swift; path = OverlayControllerRephraseIntegrationTests.swift; sourceTree = "<group>"; };
		B28080010000000000000001 /* RephraseCardLifecycleTests.swift */ = {isa = PBXFileReference; lastKnownFileType = sourcecode.swift; path = RephraseCardLifecycleTests.swift; sourceTree = "<group>"; };
/* End PBXFileReference section */

/* Begin PBXFrameworksBuildPhase section */
		A30000010000000000000001 /* Frameworks */ = {
			isa = PBXFrameworksBuildPhase;
			buildActionMask = 2147483647;
			files = (
				A10000010000000000000060 /* HarperBridge.xcframework in Frameworks */,
				C10000010000000000000001 /* KeychainAccess in Frameworks */,
			);
			runOnlyForDeploymentPostprocessing = 0;
		};
		B30000010000000000000002 /* Frameworks */ = {
			isa = PBXFrameworksBuildPhase;
			buildActionMask = 2147483647;
			files = (
			);
			runOnlyForDeploymentPostprocessing = 0;
		};
/* End PBXFrameworksBuildPhase section */

/* Begin PBXGroup section */
		A40000010000000000000001 = {
			isa = PBXGroup;
			children = (
				A40000010000000000000002 /* OpenGram */,
				A40000010000000000000008 /* OpenGramTests */,
				A2000001000000000000000B /* OpenGram.entitlements */,
				A20000010000000000000060 /* HarperBridge.xcframework */,
				A40000010000000000000009 /* Products */,
			);
			sourceTree = "<group>";
		};
		A40000010000000000000002 /* OpenGram */ = {
			isa = PBXGroup;
			children = (
				A40000010000000000000003 /* App */,
				A4000001000000000000000C /* AppQuirks */,
				A4000001000000000000000A /* CheckEngine */,
				A4000001000000000000000D /* Generated */,
				A40000010000000000000005 /* Hotkey */,
				A4000001000000000000000F /* Logging */,
				A40000010000000000000007 /* Permissions */,
				A40000010000000000000004 /* Shell */,
				A4000001000000000000000B /* SuggestionUI */,
				A40000010000000000000006 /* TextEngine */,
				A4000001000000000000000E /* TextMonitor */,
			);
			path = OpenGram;
			sourceTree = "<group>";
		};
		A4000001000000000000000E /* TextMonitor */ = {
			isa = PBXGroup;
			children = (
				A200000100000000000000B2 /* ReliabilityDetector.swift */,
				A20000010000000000000080 /* TextMonitor.swift */,
			);
			path = TextMonitor;
			sourceTree = "<group>";
		};
		A40000010000000000000003 /* App */ = {
			isa = PBXGroup;
			children = (
				A20000010000000000000001 /* main.swift */,
				A20000010000000000000002 /* AppDelegate.swift */,
				A20000010000000000000003 /* OpenGramApp.swift */,
				A200000100000000000000A0 /* AppWhitelist.swift */,
				A200000100000000000000B3 /* CheckCoordinator.swift */,
				A200000100000000000000B4 /* ConfigManager.swift */,
			);
			path = App;
			sourceTree = "<group>";
		};
		A40000010000000000000004 /* Shell */ = {
			isa = PBXGroup;
			children = (
				A20000010000000000000004 /* StatusBarController.swift */,
				A20000010000000000000009 /* MenuBuilder.swift */,
				A2000001000000000000000A /* IconStateMachine.swift */,
			);
			path = Shell;
			sourceTree = "<group>";
		};
		A40000010000000000000005 /* Hotkey */ = {
			isa = PBXGroup;
			children = (
				A20000010000000000000005 /* HotkeyManagerProtocol.swift */,
				A20000010000000000000008 /* EventTapBridge.swift */,
				A20000010000000000000010 /* HotkeyManager.swift */,
			);
			path = Hotkey;
			sourceTree = "<group>";
		};
		A40000010000000000000006 /* TextEngine */ = {
			isa = PBXGroup;
			children = (
				A20000010000000000000006 /* AXTextEngineProtocol.swift */,
				A20000010000000000000007 /* TextContext.swift */,
				A20000010000000000000020 /* AXAccessor.swift */,
				A20000010000000000000021 /* AXCapabilityCacheProtocol.swift */,
				A20000010000000000000022 /* AXTextEngine.swift */,
				A20000010000000000000023 /* AXCapabilityCache.swift */,
			);
			path = TextEngine;
			sourceTree = "<group>";
		};
		A4000001000000000000000F /* Logging */ = {
			isa = PBXGroup;
			children = (
				A200000100000000000000B0 /* Log.swift */,
			);
			path = Logging;
			sourceTree = "<group>";
		};
		A40000010000000000000007 /* Permissions */ = {
			isa = PBXGroup;
			children = (
				A2000001000000000000000D /* PermissionGuide.swift */,
			);
			path = Permissions;
			sourceTree = "<group>";
		};
		B400000100000000000000A0 /* App */ = {
			isa = PBXGroup;
			children = (
				B200000100000000000000A0 /* AppWhitelistTests.swift */,
				B200000100000000000000E3 /* CheckCoordinatorSchedulerIntegrationTests.swift */,
			);
			path = App;
			sourceTree = "<group>";
		};
		B4000001000000000000004C /* Integration */ = {
			isa = PBXGroup;
			children = (
			);
			path = Integration;
			sourceTree = "<group>";
		};
		A40000010000000000000008 /* OpenGramTests */ = {
			isa = PBXGroup;
			children = (
				B400000100000000000000A0 /* App */,
				B4000001000000000000004C /* Integration */,
				B20000010000000000000010 /* AppDelegateWiringTests.swift */,
				B20000010000000000000031 /* AppQuirksTests.swift */,
				B20000010000000000000005 /* AXCapabilityCacheTests.swift */,
				B20000010000000000000004 /* AXTextEngineTests.swift */,
				B20000010000000000000036 /* CheckOrchestratorTests.swift */,
				B20000010000000000000037 /* LLMSettingsPanelTests.swift */,
				B20000010000000000000011 /* DictionaryStoreTests.swift */,
				B20000010000000000000012 /* HarperServiceTests.swift */,
				B20000010000000000000003 /* HotkeyManagerTests.swift */,
				B20000010000000000000001 /* IconStateMachineTests.swift */,
				B20000010000000000000035 /* LLMPromptsTests.swift */,
				B20000010000000000000034 /* LLMServiceTests.swift */,
				B20000010000000000000002 /* MenuBuilderTests.swift */,
				B20000010000000000000030 /* SuggestionDiffEngineTests.swift */,
				B20000010000000000000013 /* SuggestionTests.swift */,
				B4000001000000000000000B /* CheckEngine */,
				B4000001000000000000000A /* SuggestionUITests */,
				B20000010000000000000006 /* TextContextTests.swift */,
				B20000010000000000000032 /* TextMonitorTests.swift */,
			);
			path = OpenGramTests;
			sourceTree = "<group>";
		};
		A40000010000000000000009 /* Products */ = {
			isa = PBXGroup;
			children = (
				A2000001000000000000000C /* OpenGram.app */,
				B2000001000000000000000F /* OpenGramTests.xctest */,
			);
			name = Products;
			sourceTree = "<group>";
		};
		A4000001000000000000000A /* CheckEngine */ = {
			isa = PBXGroup;
			children = (
				A4000001000000000000C001 /* Harper */,
				A4000001000000000000C002 /* LLM */,
				A4000001000000000000C007 /* ParagraphInfra */,
				A4000001000000000000C008 /* LLMCheckScheduler */,
				A20000010000000000000094 /* CheckOrchestrator.swift */,
				A20000010000000000000098 /* ParagraphExtractor.swift */,
				A20000010000000000000031 /* Suggestion.swift */,
			);
			path = CheckEngine;
			sourceTree = "<group>";
		};
		A4000001000000000000C008 /* LLMCheckScheduler */ = {
			isa = PBXGroup;
			children = (
				A200000100000000000000E0 /* IncrementalConfig.swift */,
				A200000100000000000000E1 /* LLMCheckScheduler.swift */,
			);
			path = LLMCheckScheduler;
			sourceTree = "<group>";
		};
		A4000001000000000000C007 /* ParagraphInfra */ = {
			isa = PBXGroup;
			children = (
				A200000100000000000000C0 /* Paragraph.swift */,
				A200000100000000000000C1 /* CacheClock.swift */,
				A200000100000000000000C2 /* ParagraphSplitter.swift */,
				A200000100000000000000C3 /* ParagraphHasher.swift */,
				A200000100000000000000C4 /* ParagraphSuggestionCache.swift */,
			);
			path = ParagraphInfra;
			sourceTree = "<group>";
		};
		A4000001000000000000C001 /* Harper */ = {
			isa = PBXGroup;
			children = (
				A20000010000000000000032 /* DictionaryStore.swift */,
				A20000010000000000000030 /* GrammarCheckerProtocol.swift */,
				A20000010000000000000033 /* HarperService.swift */,
			);
			path = Harper;
			sourceTree = "<group>";
		};
		A4000001000000000000C002 /* LLM */ = {
			isa = PBXGroup;
			children = (
				A20000010000000000000091 /* LLMConfig.swift */,
				A20000010000000000000092 /* LLMPrompts.swift */,
				A20000010000000000000090 /* LLMProviderProtocol.swift */,
				A20000010000000000000097 /* LLMResponseDTO.swift */,
				A20000010000000000000093 /* LLMService.swift */,
				A20000010000000000000096 /* LLMStyleSuggestion.swift */,
			);
			path = LLM;
			sourceTree = "<group>";
		};
		A4000001000000000000000B /* SuggestionUI */ = {
			isa = PBXGroup;
			children = (
				A4000001000000000000C005 /* Accessibility */,
				A4000001000000000000C003 /* Overlay */,
				A4000001000000000000C004 /* Panels */,
				A4000001000000000000C009 /* RephraseCard */,
				A4000001000000000000C006 /* Settings */,
			);
			path = SuggestionUI;
			sourceTree = "<group>";
		};
		A4000001000000000000C009 /* RephraseCard */ = {
			isa = PBXGroup;
			children = (
				A28020010000000000000001 /* TextDiff.swift */,
				A28020010000000000000002 /* DisplayHeuristic.swift */,
				A28020010000000000000003 /* RephraseComposer.swift */,
				A28020010000000000000004 /* RephraseCardViewModel.swift */,
				A28050010000000000000001 /* RephraseCardView.swift */,
			);
			path = RephraseCard;
			sourceTree = "<group>";
		};
		A4000001000000000000C003 /* Overlay */ = {
			isa = PBXGroup;
			children = (
				A20000010000000000000040 /* OverlayController.swift */,
				A20000010000000000000041 /* OverlayWindow.swift */,
				A28060010000000000000001 /* SourceParagraphHighlight.swift */,
				A20000010000000000000044 /* UnderlineView.swift */,
			);
			path = Overlay;
			sourceTree = "<group>";
		};
		A4000001000000000000C004 /* Panels */ = {
			isa = PBXGroup;
			children = (
				A28000010000000000000021 /* AXTextReplacer.swift */,
				A200000100000000000000A2 /* InlineDiffView.swift */,
				A200000100000000000000B1 /* PanelPositioner.swift */,
				A20000010000000000000042 /* PopoverView.swift */,
				A28050010000000000000002 /* RephraseCardPanelController.swift */,
				A20000010000000000000070 /* SuggestionDiffEngine.swift */,
				A20000010000000000000043 /* SuggestionPopoverPanel.swift */,
			);
			path = Panels;
			sourceTree = "<group>";
		};
		A4000001000000000000C005 /* Accessibility */ = {
			isa = PBXGroup;
			children = (
				A20000010000000000000047 /* AXCallWatchdog.swift */,
				A20000010000000000000046 /* BoundsValidator.swift */,
				A20000010000000000000045 /* TargetAppObserver.swift */,
			);
			path = Accessibility;
			sourceTree = "<group>";
		};
		A4000001000000000000C006 /* Settings */ = {
			isa = PBXGroup;
			children = (
				A20000010000000000000095 /* LLMSettingsView.swift */,
				A200000100000000000000A1 /* WhitelistSettingsView.swift */,
				A200000100000000000000E2 /* AdvancedSettingsView.swift */,
			);
			path = Settings;
			sourceTree = "<group>";
		};
		A4000001000000000000000C /* AppQuirks */ = {
			isa = PBXGroup;
			children = (
				A20000010000000000000051 /* AppQuirks.plist */,
				A20000010000000000000050 /* AppQuirksTable.swift */,
			);
			path = AppQuirks;
			sourceTree = "<group>";
		};
		A4000001000000000000000D /* Generated */ = {
			isa = PBXGroup;
			children = (
				A20000010000000000000034 /* HarperBridge.swift */,
			);
			path = Generated;
			sourceTree = "<group>";
		};
		B4000001000000000000000B /* CheckEngine */ = {
			isa = PBXGroup;
			children = (
				B4000001000000000000C001 /* ParagraphInfra */,
				B2000001000000000000003A /* LLMResponseDTOTests.swift */,
				B2000001000000000000003B /* ParagraphExtractorTests.swift */,
				B200000100000000000000E0 /* LLMCheckSchedulerTests.swift */,
				B200000100000000000000E1 /* LLMCheckSchedulerCancellationTests.swift */,
				B200000100000000000000E4 /* LLMCheckSchedulerMarkDismissedTests.swift */,
				B200000100000000000000F0 /* IncrementalConfigTests.swift */,
			);
			path = CheckEngine;
			sourceTree = "<group>";
		};
		B4000001000000000000C001 /* ParagraphInfra */ = {
			isa = PBXGroup;
			children = (
				B200000100000000000000D0 /* CacheClockTests.swift */,
				B200000100000000000000D1 /* ParagraphSplitterTests.swift */,
				B200000100000000000000D2 /* ParagraphHasherTests.swift */,
				B200000100000000000000D3 /* ParagraphSuggestionCacheTests.swift */,
			);
			path = ParagraphInfra;
			sourceTree = "<group>";
		};
		B48000010000000000000021 /* Panels */ = {
			isa = PBXGroup;
			children = (
				B28000010000000000000021 /* AXTextReplacerTests.swift */,
				B28050010000000000000002 /* RephraseCardPanelControllerTests.swift */,
			);
			path = Panels;
			sourceTree = "<group>";
		};
		B4000001000000000000000A /* SuggestionUITests */ = {
			isa = PBXGroup;
			children = (
				B20000010000000000000020 /* AXCallWatchdogTests.swift */,
				B20000010000000000000021 /* BoundsForRangeTests.swift */,
				B20000010000000000000022 /* BoundsValidatorTests.swift */,
				B20000010000000000000023 /* OverlayControllerTests.swift */,
				B20000010000000000000024 /* OverlayWindowTests.swift */,
				B20000010000000000000025 /* PopoverViewTests.swift */,
				B20000010000000000000026 /* SuggestionPopoverPanelTests.swift */,
				B20000010000000000000027 /* TargetAppObserverTests.swift */,
				B20000010000000000000028 /* UnderlineViewTests.swift */,
				B20000010000000000000033 /* OverlayControllerDiffTests.swift */,
				B200000100000000000000C0 /* PanelPositionerTests.swift */,
				B200000100000000000000F1 /* AdvancedSettingsViewTests.swift */,
				B28060010000000000000001 /* SourceParagraphHighlightTests.swift */,
				B28060010000000000000002 /* OverlayControllerHideUnderlinesTests.swift */,
				B28070010000000000000001 /* MultiQualifierSelectionTests.swift */,
				B28070010000000000000002 /* OverlayControllerRephraseIntegrationTests.swift */,
				B48000010000000000000021 /* Panels */,
				B48020010000000000000001 /* RephraseCard */,
			);
			path = SuggestionUITests;
			sourceTree = "<group>";
		};
		B48020010000000000000001 /* RephraseCard */ = {
			isa = PBXGroup;
			children = (
				B28020010000000000000001 /* TextDiffTests.swift */,
				B28020010000000000000002 /* DisplayHeuristicTests.swift */,
				B28020010000000000000003 /* RephraseComposerTests.swift */,
				B28020010000000000000004 /* RephraseCardViewModelTests.swift */,
				B28050010000000000000001 /* RephraseCardViewTests.swift */,
				B28080010000000000000001 /* RephraseCardLifecycleTests.swift */,
			);
			path = RephraseCard;
			sourceTree = "<group>";
		};
/* End PBXGroup section */

/* Begin PBXNativeTarget section */
		A50000010000000000000001 /* OpenGram */ = {
			isa = PBXNativeTarget;
			buildConfigurationList = A70000010000000000000003 /* Build configuration list for PBXNativeTarget "OpenGram" */;
			buildPhases = (
				A60000010000000000000001 /* Sources */,
				A30000010000000000000001 /* Frameworks */,
				A30000010000000000000002 /* Resources */,
			);
			buildRules = (
			);
			dependencies = (
			);
			name = OpenGram;
			packageProductDependencies = (
				C20000010000000000000001 /* KeychainAccess */,
			);
			productName = OpenGram;
			productReference = A2000001000000000000000C /* OpenGram.app */;
			productType = "com.apple.product-type.application";
		};
		B50000010000000000000001 /* OpenGramTests */ = {
			isa = PBXNativeTarget;
			buildConfigurationList = B70000010000000000000001 /* Build configuration list for PBXNativeTarget "OpenGramTests" */;
			buildPhases = (
				B60000010000000000000001 /* Sources */,
				B30000010000000000000002 /* Frameworks */,
			);
			buildRules = (
			);
			dependencies = (
				B40000010000000000000001 /* PBXTargetDependency */,
			);
			name = OpenGramTests;
			productName = OpenGramTests;
			productReference = B2000001000000000000000F /* OpenGramTests.xctest */;
			productType = "com.apple.product-type.bundle.unit-test";
		};
/* End PBXNativeTarget section */

/* Begin PBXProject section */
		A80000010000000000000001 /* Project object */ = {
			isa = PBXProject;
			attributes = {
				BuildIndependentTargetsInParallel = 1;
				LastSwiftUpdateCheck = 1600;
				LastUpgradeCheck = 1600;
				TargetAttributes = {
					A50000010000000000000001 = {
						CreatedOnToolsVersion = 16.0;
					};
					B50000010000000000000001 = {
						CreatedOnToolsVersion = 16.0;
						TestTargetID = A50000010000000000000001;
					};
				};
			};
			buildConfigurationList = A70000010000000000000001 /* Build configuration list for PBXProject "OpenGram" */;
			compatibilityVersion = "Xcode 14.0";
			developmentRegion = en;
			hasScannedForEncodings = 0;
			knownRegions = (
				en,
				Base,
			);
			mainGroup = A40000010000000000000001;
			packageReferences = (
				C30000010000000000000001 /* XCRemoteSwiftPackageReference "KeychainAccess" */,
			);
			productRefGroup = A40000010000000000000009 /* Products */;
			projectDirPath = "";
			projectRoot = "";
			targets = (
				A50000010000000000000001 /* OpenGram */,
				B50000010000000000000001 /* OpenGramTests */,
			);
		};
/* End PBXProject section */

/* Begin PBXResourcesBuildPhase section */
		A30000010000000000000002 /* Resources */ = {
			isa = PBXResourcesBuildPhase;
			buildActionMask = 2147483647;
			files = (
				A10000010000000000000051 /* AppQuirks.plist in Resources */,
			);
			runOnlyForDeploymentPostprocessing = 0;
		};
/* End PBXResourcesBuildPhase section */

/* Begin PBXSourcesBuildPhase section */
		A60000010000000000000001 /* Sources */ = {
			isa = PBXSourcesBuildPhase;
			buildActionMask = 2147483647;
			files = (
				A10000010000000000000001 /* main.swift in Sources */,
				A10000010000000000000002 /* AppDelegate.swift in Sources */,
				A10000010000000000000003 /* OpenGramApp.swift in Sources */,
				A10000010000000000000004 /* StatusBarController.swift in Sources */,
				A10000010000000000000005 /* HotkeyManagerProtocol.swift in Sources */,
				A10000010000000000000006 /* AXTextEngineProtocol.swift in Sources */,
				A10000010000000000000007 /* TextContext.swift in Sources */,
				A10000010000000000000008 /* EventTapBridge.swift in Sources */,
				A10000010000000000000009 /* MenuBuilder.swift in Sources */,
				A1000001000000000000000A /* IconStateMachine.swift in Sources */,
				A1000001000000000000000B /* PermissionGuide.swift in Sources */,
				A10000010000000000000011 /* HotkeyManager.swift in Sources */,
				A10000010000000000000020 /* AXAccessor.swift in Sources */,
				A10000010000000000000021 /* AXCapabilityCacheProtocol.swift in Sources */,
				A10000010000000000000022 /* AXTextEngine.swift in Sources */,
				A10000010000000000000023 /* AXCapabilityCache.swift in Sources */,
				A10000010000000000000030 /* GrammarCheckerProtocol.swift in Sources */,
				A10000010000000000000031 /* Suggestion.swift in Sources */,
				A10000010000000000000032 /* DictionaryStore.swift in Sources */,
				A10000010000000000000033 /* HarperService.swift in Sources */,
				A10000010000000000000034 /* HarperBridge.swift in Sources */,
				A10000010000000000000040 /* OverlayController.swift in Sources */,
				A10000010000000000000041 /* OverlayWindow.swift in Sources */,
				A10000010000000000000042 /* PopoverView.swift in Sources */,
				A10000010000000000000043 /* SuggestionPopoverPanel.swift in Sources */,
				A10000010000000000000044 /* UnderlineView.swift in Sources */,
				A10000010000000000000045 /* TargetAppObserver.swift in Sources */,
				A10000010000000000000046 /* BoundsValidator.swift in Sources */,
				A10000010000000000000047 /* AXCallWatchdog.swift in Sources */,
				A10000010000000000000050 /* AppQuirksTable.swift in Sources */,
				A10000010000000000000070 /* SuggestionDiffEngine.swift in Sources */,
				A10000010000000000000080 /* TextMonitor.swift in Sources */,
				A10000010000000000000090 /* LLMProviderProtocol.swift in Sources */,
				A10000010000000000000091 /* LLMConfig.swift in Sources */,
				A10000010000000000000092 /* LLMPrompts.swift in Sources */,
				A10000010000000000000093 /* LLMService.swift in Sources */,
				A10000010000000000000096 /* LLMStyleSuggestion.swift in Sources */,
				A10000010000000000000097 /* LLMResponseDTO.swift in Sources */,
				A10000010000000000000098 /* ParagraphExtractor.swift in Sources */,
				A10000010000000000000094 /* CheckOrchestrator.swift in Sources */,
				A10000010000000000000095 /* LLMSettingsView.swift in Sources */,
				A100000100000000000000A0 /* AppWhitelist.swift in Sources */,
				A100000100000000000000A1 /* WhitelistSettingsView.swift in Sources */,
				A100000100000000000000A2 /* InlineDiffView.swift in Sources */,
				A100000100000000000000B0 /* Log.swift in Sources */,
				A100000100000000000000B1 /* PanelPositioner.swift in Sources */,
				A100000100000000000000B2 /* ReliabilityDetector.swift in Sources */,
				A100000100000000000000B3 /* CheckCoordinator.swift in Sources */,
				A100000100000000000000B4 /* ConfigManager.swift in Sources */,
				A100000100000000000000C0 /* Paragraph.swift in Sources */,
				A100000100000000000000C1 /* CacheClock.swift in Sources */,
				A100000100000000000000C2 /* ParagraphSplitter.swift in Sources */,
				A100000100000000000000C3 /* ParagraphHasher.swift in Sources */,
				A100000100000000000000C4 /* ParagraphSuggestionCache.swift in Sources */,
				A100000100000000000000E0 /* IncrementalConfig.swift in Sources */,
				A100000100000000000000E1 /* LLMCheckScheduler.swift in Sources */,
				A100000100000000000000E2 /* AdvancedSettingsView.swift in Sources */,
				A18000010000000000000021 /* AXTextReplacer.swift in Sources */,
				A18020010000000000000001 /* TextDiff.swift in Sources */,
				A18020010000000000000002 /* DisplayHeuristic.swift in Sources */,
				A18020010000000000000003 /* RephraseComposer.swift in Sources */,
				A18020010000000000000004 /* RephraseCardViewModel.swift in Sources */,
				A18050010000000000000001 /* RephraseCardView.swift in Sources */,
				A18050010000000000000002 /* RephraseCardPanelController.swift in Sources */,
				A18060010000000000000001 /* SourceParagraphHighlight.swift in Sources */,
			);
			runOnlyForDeploymentPostprocessing = 0;
		};
		B60000010000000000000001 /* Sources */ = {
			isa = PBXSourcesBuildPhase;
			buildActionMask = 2147483647;
			files = (
				B10000010000000000000001 /* IconStateMachineTests.swift in Sources */,
				B10000010000000000000002 /* MenuBuilderTests.swift in Sources */,
				B10000010000000000000003 /* HotkeyManagerTests.swift in Sources */,
				B10000010000000000000004 /* AXTextEngineTests.swift in Sources */,
				B10000010000000000000005 /* AXCapabilityCacheTests.swift in Sources */,
				B10000010000000000000006 /* TextContextTests.swift in Sources */,
				B10000010000000000000010 /* AppDelegateWiringTests.swift in Sources */,
				B10000010000000000000011 /* DictionaryStoreTests.swift in Sources */,
				B10000010000000000000012 /* HarperServiceTests.swift in Sources */,
				B10000010000000000000013 /* SuggestionTests.swift in Sources */,
				B10000010000000000000020 /* AXCallWatchdogTests.swift in Sources */,
				B10000010000000000000021 /* BoundsForRangeTests.swift in Sources */,
				B10000010000000000000022 /* BoundsValidatorTests.swift in Sources */,
				B10000010000000000000023 /* OverlayControllerTests.swift in Sources */,
				B10000010000000000000024 /* OverlayWindowTests.swift in Sources */,
				B10000010000000000000025 /* PopoverViewTests.swift in Sources */,
				B10000010000000000000026 /* SuggestionPopoverPanelTests.swift in Sources */,
				B10000010000000000000027 /* TargetAppObserverTests.swift in Sources */,
				B10000010000000000000028 /* UnderlineViewTests.swift in Sources */,
				B10000010000000000000030 /* SuggestionDiffEngineTests.swift in Sources */,
				B10000010000000000000031 /* AppQuirksTests.swift in Sources */,
				B10000010000000000000032 /* TextMonitorTests.swift in Sources */,
				B10000010000000000000033 /* OverlayControllerDiffTests.swift in Sources */,
				B10000010000000000000034 /* LLMServiceTests.swift in Sources */,
				B10000010000000000000035 /* LLMPromptsTests.swift in Sources */,
				B10000010000000000000036 /* CheckOrchestratorTests.swift in Sources */,
				B10000010000000000000037 /* LLMSettingsPanelTests.swift in Sources */,
				B1000001000000000000003A /* LLMResponseDTOTests.swift in Sources */,
				B1000001000000000000003B /* ParagraphExtractorTests.swift in Sources */,
				B100000100000000000000A0 /* AppWhitelistTests.swift in Sources */,
				B100000100000000000000C0 /* PanelPositionerTests.swift in Sources */,
				B100000100000000000000D0 /* CacheClockTests.swift in Sources */,
				B100000100000000000000D1 /* ParagraphSplitterTests.swift in Sources */,
				B100000100000000000000D2 /* ParagraphHasherTests.swift in Sources */,
				B100000100000000000000D3 /* ParagraphSuggestionCacheTests.swift in Sources */,
				B100000100000000000000E0 /* LLMCheckSchedulerTests.swift in Sources */,
				B100000100000000000000E1 /* LLMCheckSchedulerCancellationTests.swift in Sources */,
				B100000100000000000000E3 /* CheckCoordinatorSchedulerIntegrationTests.swift in Sources */,
				B100000100000000000000E4 /* LLMCheckSchedulerMarkDismissedTests.swift in Sources */,
				B100000100000000000000F0 /* IncrementalConfigTests.swift in Sources */,
				B100000100000000000000F1 /* AdvancedSettingsViewTests.swift in Sources */,
				B18000010000000000000021 /* AXTextReplacerTests.swift in Sources */,
				B18020010000000000000001 /* TextDiffTests.swift in Sources */,
				B18020010000000000000002 /* DisplayHeuristicTests.swift in Sources */,
				B18020010000000000000003 /* RephraseComposerTests.swift in Sources */,
				B18020010000000000000004 /* RephraseCardViewModelTests.swift in Sources */,
				B18050010000000000000001 /* RephraseCardViewTests.swift in Sources */,
				B18050010000000000000002 /* RephraseCardPanelControllerTests.swift in Sources */,
				B18060010000000000000001 /* SourceParagraphHighlightTests.swift in Sources */,
				B18060010000000000000002 /* OverlayControllerHideUnderlinesTests.swift in Sources */,
				B18070010000000000000001 /* MultiQualifierSelectionTests.swift in Sources */,
				B18070010000000000000002 /* OverlayControllerRephraseIntegrationTests.swift in Sources */,
				B18080010000000000000001 /* RephraseCardLifecycleTests.swift in Sources */,
			);
			runOnlyForDeploymentPostprocessing = 0;
		};
/* End PBXSourcesBuildPhase section */

/* Begin PBXTargetDependency section */
		B40000010000000000000001 /* PBXTargetDependency */ = {
			isa = PBXTargetDependency;
			target = A50000010000000000000001 /* OpenGram */;
			targetProxy = B30000010000000000000001 /* PBXContainerItemProxy */;
		};
/* End PBXTargetDependency section */

/* Begin XCBuildConfiguration section */
		A90000010000000000000001 /* Debug */ = {
			isa = XCBuildConfiguration;
			buildSettings = {
				ALWAYS_SEARCH_USER_PATHS = NO;
				CLANG_ANALYZER_NONNULL = YES;
				CLANG_CXX_LANGUAGE_STANDARD = "gnu++20";
				CLANG_ENABLE_MODULES = YES;
				CLANG_ENABLE_OBJC_ARC = YES;
				COPY_PHASE_STRIP = NO;
				DEBUG_INFORMATION_FORMAT = dwarf;
				ENABLE_STRICT_OBJC_MSGSEND = YES;
				ENABLE_TESTABILITY = YES;
				GCC_DYNAMIC_NO_PIC = NO;
				GCC_OPTIMIZATION_LEVEL = 0;
				GCC_PREPROCESSOR_DEFINITIONS = (
					"DEBUG=1",
					"$(inherited)",
				);
				GCC_WARN_64_TO_32_BIT_CONVERSION = YES;
				GCC_WARN_ABOUT_RETURN_TYPE = YES_ERROR;
				GCC_WARN_UNINITIALIZED_AUTOS = YES_AGGRESSIVE;
				GCC_WARN_UNUSED_FUNCTION = YES;
				GCC_WARN_UNUSED_VARIABLE = YES;
				MACOSX_DEPLOYMENT_TARGET = 14.0;
				MTL_ENABLE_DEBUG_INFO = INCLUDE_SOURCE;
				MTL_FAST_MATH = YES;
				ONLY_ACTIVE_ARCH = YES;
				SDKROOT = macosx;
				SWIFT_ACTIVE_COMPILATION_CONDITIONS = "$(inherited) DEBUG";
				SWIFT_OPTIMIZATION_LEVEL = "-Onone";
			};
			name = Debug;
		};
		A90000010000000000000002 /* Release */ = {
			isa = XCBuildConfiguration;
			buildSettings = {
				ALWAYS_SEARCH_USER_PATHS = NO;
				CLANG_ANALYZER_NONNULL = YES;
				CLANG_CXX_LANGUAGE_STANDARD = "gnu++20";
				CLANG_ENABLE_MODULES = YES;
				CLANG_ENABLE_OBJC_ARC = YES;
				COPY_PHASE_STRIP = NO;
				DEBUG_INFORMATION_FORMAT = "dwarf-with-dsym";
				ENABLE_NS_ASSERTIONS = NO;
				ENABLE_STRICT_OBJC_MSGSEND = YES;
				GCC_WARN_64_TO_32_BIT_CONVERSION = YES;
				GCC_WARN_ABOUT_RETURN_TYPE = YES_ERROR;
				GCC_WARN_UNINITIALIZED_AUTOS = YES_AGGRESSIVE;
				GCC_WARN_UNUSED_FUNCTION = YES;
				GCC_WARN_UNUSED_VARIABLE = YES;
				MACOSX_DEPLOYMENT_TARGET = 14.0;
				MTL_FAST_MATH = YES;
				SDKROOT = macosx;
				SWIFT_COMPILATION_MODE = wholemodule;
			};
			name = Release;
		};
		A90000010000000000000003 /* Debug */ = {
			isa = XCBuildConfiguration;
			buildSettings = {
				ASSETCATALOG_COMPILER_APPICON_NAME = AppIcon;
				CODE_SIGN_ENTITLEMENTS = OpenGram.entitlements;
				CODE_SIGN_STYLE = Automatic;
				COMBINE_HIDPI_IMAGES = YES;
				CURRENT_PROJECT_VERSION = 1;
				DEVELOPMENT_TEAM = Y2WK2RX2KR;
				GENERATE_INFOPLIST_FILE = YES;
				INFOPLIST_KEY_LSUIElement = YES;
				INFOPLIST_KEY_NSAccessibilityUsageDescription = "OpenGram reads and writes text in other apps to check and correct your writing.";
				INFOPLIST_KEY_NSMainNibFile = "";
				INFOPLIST_KEY_NSPrincipalClass = "";
				MARKETING_VERSION = 0.0.1;
				PRODUCT_BUNDLE_IDENTIFIER = com.opengram.app;
				PRODUCT_MODULE_NAME = OpenGramLib;
				PRODUCT_NAME = "$(TARGET_NAME)";
				SWIFT_EMIT_LOC_STRINGS = YES;
				SWIFT_STRICT_CONCURRENCY = complete;
				SWIFT_VERSION = 6.0;
			};
			name = Debug;
		};
		A90000010000000000000004 /* Release */ = {
			isa = XCBuildConfiguration;
			buildSettings = {
				ASSETCATALOG_COMPILER_APPICON_NAME = AppIcon;
				CODE_SIGN_ENTITLEMENTS = OpenGram.entitlements;
				CODE_SIGN_STYLE = Automatic;
				COMBINE_HIDPI_IMAGES = YES;
				CURRENT_PROJECT_VERSION = 1;
				DEVELOPMENT_TEAM = Y2WK2RX2KR;
				GENERATE_INFOPLIST_FILE = YES;
				INFOPLIST_KEY_LSUIElement = YES;
				INFOPLIST_KEY_NSAccessibilityUsageDescription = "OpenGram reads and writes text in other apps to check and correct your writing.";
				INFOPLIST_KEY_NSMainNibFile = "";
				INFOPLIST_KEY_NSPrincipalClass = "";
				MARKETING_VERSION = 0.0.1;
				PRODUCT_BUNDLE_IDENTIFIER = com.opengram.app;
				PRODUCT_MODULE_NAME = OpenGramLib;
				PRODUCT_NAME = "$(TARGET_NAME)";
				SWIFT_EMIT_LOC_STRINGS = YES;
				SWIFT_STRICT_CONCURRENCY = complete;
				SWIFT_VERSION = 6.0;
			};
			name = Release;
		};
		B90000010000000000000001 /* Debug */ = {
			isa = XCBuildConfiguration;
			buildSettings = {
				BUNDLE_LOADER = "$(TEST_HOST)";
				CODE_SIGN_STYLE = Automatic;
				CURRENT_PROJECT_VERSION = 1;
				GENERATE_INFOPLIST_FILE = YES;
				MACOSX_DEPLOYMENT_TARGET = 14.0;
				MARKETING_VERSION = 0.0.1;
				PRODUCT_BUNDLE_IDENTIFIER = com.opengram.app.tests;
				PRODUCT_NAME = "$(TARGET_NAME)";
				SWIFT_EMIT_LOC_STRINGS = NO;
				SWIFT_STRICT_CONCURRENCY = complete;
				SWIFT_VERSION = 6.0;
				TEST_HOST = "$(BUILT_PRODUCTS_DIR)/OpenGram.app/Contents/MacOS/OpenGram";
			};
			name = Debug;
		};
		B90000010000000000000002 /* Release */ = {
			isa = XCBuildConfiguration;
			buildSettings = {
				BUNDLE_LOADER = "$(TEST_HOST)";
				CODE_SIGN_STYLE = Automatic;
				CURRENT_PROJECT_VERSION = 1;
				GENERATE_INFOPLIST_FILE = YES;
				MACOSX_DEPLOYMENT_TARGET = 14.0;
				MARKETING_VERSION = 0.0.1;
				PRODUCT_BUNDLE_IDENTIFIER = com.opengram.app.tests;
				PRODUCT_NAME = "$(TARGET_NAME)";
				SWIFT_EMIT_LOC_STRINGS = NO;
				SWIFT_STRICT_CONCURRENCY = complete;
				SWIFT_VERSION = 6.0;
				TEST_HOST = "$(BUILT_PRODUCTS_DIR)/OpenGram.app/Contents/MacOS/OpenGram";
			};
			name = Release;
		};
/* End XCBuildConfiguration section */

/* Begin XCConfigurationList section */
		A70000010000000000000001 /* Build configuration list for PBXProject "OpenGram" */ = {
			isa = XCConfigurationList;
			buildConfigurations = (
				A90000010000000000000001 /* Debug */,
				A90000010000000000000002 /* Release */,
			);
			defaultConfigurationIsVisible = 0;
			defaultConfigurationName = Release;
		};
		A70000010000000000000003 /* Build configuration list for PBXNativeTarget "OpenGram" */ = {
			isa = XCConfigurationList;
			buildConfigurations = (
				A90000010000000000000003 /* Debug */,
				A90000010000000000000004 /* Release */,
			);
			defaultConfigurationIsVisible = 0;
			defaultConfigurationName = Release;
		};
		B70000010000000000000001 /* Build configuration list for PBXNativeTarget "OpenGramTests" */ = {
			isa = XCConfigurationList;
			buildConfigurations = (
				B90000010000000000000001 /* Debug */,
				B90000010000000000000002 /* Release */,
			);
			defaultConfigurationIsVisible = 0;
			defaultConfigurationName = Release;
		};
/* End XCConfigurationList section */

/* Begin XCRemoteSwiftPackageReference section */
		C30000010000000000000001 /* XCRemoteSwiftPackageReference "KeychainAccess" */ = {
			isa = XCRemoteSwiftPackageReference;
			repositoryURL = "https://github.com/kishikawakatsumi/KeychainAccess.git";
			requirement = {
				kind = exactVersion;
				version = "4.2.2";
			};
		};
/* End XCRemoteSwiftPackageReference section */

/* Begin XCSwiftPackageProductDependency section */
		C20000010000000000000001 /* KeychainAccess */ = {
			isa = XCSwiftPackageProductDependency;
			package = C30000010000000000000001 /* XCRemoteSwiftPackageReference "KeychainAccess" */;
			productName = KeychainAccess;
		};
/* End XCSwiftPackageProductDependency section */
	};
	rootObject = A80000010000000000000001 /* Project object */;
}
